// !$*UTF8*$!
{
	archiveVersion = 1;
	classes = {
	};
	objectVersion = 56;
	objects = {

/* Begin PBXBuildFile section */
		D1CACB012989CD6B00BF4C81 /* EjerciciosWebServiceApp.swift in Sources */ = {isa = PBXBuildFile; fileRef = D1CACB002989CD6B00BF4C81 /* EjerciciosWebServiceApp.swift */; };
		D1CACB032989CD6B00BF4C81 /* ContentView.swift in Sources */ = {isa = PBXBuildFile; fileRef = D1CACB022989CD6B00BF4C81 /* ContentView.swift */; };
		D1CACB052989CD6F00BF4C81 /* Assets.xcassets in Resources */ = {isa = PBXBuildFile; fileRef = D1CACB042989CD6F00BF4C81 /* Assets.xcassets */; };
		D1CACB082989CD6F00BF4C81 /* Preview Assets.xcassets in Resources */ = {isa = PBXBuildFile; fileRef = D1CACB072989CD6F00BF4C81 /* Preview Assets.xcassets */; };
		D1CACB0A2989CD6F00BF4C81 /* Persistence.swift in Sources */ = {isa = PBXBuildFile; fileRef = D1CACB092989CD6F00BF4C81 /* Persistence.swift */; };
		D1CACB0D2989CD6F00BF4C81 /* EjerciciosWebService.xcdatamodeld in Sources */ = {isa = PBXBuildFile; fileRef = D1CACB0B2989CD6F00BF4C81 /* EjerciciosWebService.xcdatamodeld */; };
		D1CACB172989CD7000BF4C81 /* EjerciciosWebServiceTests.swift in Sources */ = {isa = PBXBuildFile; fileRef = D1CACB162989CD7000BF4C81 /* EjerciciosWebServiceTests.swift */; };
		D1CACB212989CD7000BF4C81 /* EjerciciosWebServiceUITests.swift in Sources */ = {isa = PBXBuildFile; fileRef = D1CACB202989CD7000BF4C81 /* EjerciciosWebServiceUITests.swift */; };
		D1CACB232989CD7000BF4C81 /* EjerciciosWebServiceUITestsLaunchTests.swift in Sources */ = {isa = PBXBuildFile; fileRef = D1CACB222989CD7000BF4C81 /* EjerciciosWebServiceUITestsLaunchTests.swift */; };
		D1CACB63298B468F00BF4C81 /* CrearComidaView.swift in Sources */ = {isa = PBXBuildFile; fileRef = D1CACB62298B468F00BF4C81 /* CrearComidaView.swift */; };
		D1CACB66298C2AD600BF4C81 /* MenuPrincipalView.swift in Sources */ = {isa = PBXBuildFile; fileRef = D1CACB65298C2AD600BF4C81 /* MenuPrincipalView.swift */; };
		D1CACB68298C2DC100BF4C81 /* VerComidaView.swift in Sources */ = {isa = PBXBuildFile; fileRef = D1CACB67298C2DC000BF4C81 /* VerComidaView.swift */; };
		D1CACB6A298C2DE300BF4C81 /* CrearComidaViewModel.swift in Sources */ = {isa = PBXBuildFile; fileRef = D1CACB69298C2DE300BF4C81 /* CrearComidaViewModel.swift */; };
		D1CACB6C298C2DF300BF4C81 /* VerComidaViewModel.swift in Sources */ = {isa = PBXBuildFile; fileRef = D1CACB6B298C2DF300BF4C81 /* VerComidaViewModel.swift */; };
		D1CACB6E298C2E0600BF4C81 /* ActualizarComidaView.swift in Sources */ = {isa = PBXBuildFile; fileRef = D1CACB6D298C2E0600BF4C81 /* ActualizarComidaView.swift */; };
		D1CACB70298C2E1600BF4C81 /* ActualizarComidaViewModel.swift in Sources */ = {isa = PBXBuildFile; fileRef = D1CACB6F298C2E1600BF4C81 /* ActualizarComidaViewModel.swift */; };
		D1CACB72298C318F00BF4C81 /* PutComidasResponse.swift in Sources */ = {isa = PBXBuildFile; fileRef = D1CACB71298C318F00BF4C81 /* PutComidasResponse.swift */; };
		D1CACB74298C31BB00BF4C81 /* PutComidasRequest.swift in Sources */ = {isa = PBXBuildFile; fileRef = D1CACB73298C31BB00BF4C81 /* PutComidasRequest.swift */; };
		D1CACB76298C321400BF4C81 /* PostComidasResponse.swift in Sources */ = {isa = PBXBuildFile; fileRef = D1CACB75298C321400BF4C81 /* PostComidasResponse.swift */; };
		D1CACB78298C323F00BF4C81 /* PostComidasRequest.swift in Sources */ = {isa = PBXBuildFile; fileRef = D1CACB77298C323F00BF4C81 /* PostComidasRequest.swift */; };
		D1CACB7A298C326A00BF4C81 /* GetComidasResponse.swift in Sources */ = {isa = PBXBuildFile; fileRef = D1CACB79298C326A00BF4C81 /* GetComidasResponse.swift */; };
		D1CACB7C298C329300BF4C81 /* DeleteComidasResponse.swift in Sources */ = {isa = PBXBuildFile; fileRef = D1CACB7B298C329300BF4C81 /* DeleteComidasResponse.swift */; };
		D1CACB7E298C32AC00BF4C81 /* DeleteComidasRequest.swift in Sources */ = {isa = PBXBuildFile; fileRef = D1CACB7D298C32AC00BF4C81 /* DeleteComidasRequest.swift */; };
		D1CACB81298C335900BF4C81 /* Alamofire in Frameworks */ = {isa = PBXBuildFile; productRef = D1CACB80298C335900BF4C81 /* Alamofire */; };
		D1CACB84298C337400BF4C81 /* Kingfisher in Frameworks */ = {isa = PBXBuildFile; productRef = D1CACB83298C337400BF4C81 /* Kingfisher */; };
/* End PBXBuildFile section */

/* Begin PBXContainerItemProxy section */
		D1CACB132989CD7000BF4C81 /* PBXContainerItemProxy */ = {
			isa = PBXContainerItemProxy;
			containerPortal = D1CACAF52989CD6B00BF4C81 /* Project object */;
			proxyType = 1;
			remoteGlobalIDString = D1CACAFC2989CD6B00BF4C81;
			remoteInfo = EjerciciosWebService;
		};
		D1CACB1D2989CD7000BF4C81 /* PBXContainerItemProxy */ = {
			isa = PBXContainerItemProxy;
			containerPortal = D1CACAF52989CD6B00BF4C81 /* Project object */;
			proxyType = 1;
			remoteGlobalIDString = D1CACAFC2989CD6B00BF4C81;
			remoteInfo = EjerciciosWebService;
		};
/* End PBXContainerItemProxy section */

/* Begin PBXFileReference section */
		D1CACAFD2989CD6B00BF4C81 /* EjerciciosWebService.app */ = {isa = PBXFileReference; explicitFileType = wrapper.application; includeInIndex = 0; path = EjerciciosWebService.app; sourceTree = BUILT_PRODUCTS_DIR; };
		D1CACB002989CD6B00BF4C81 /* EjerciciosWebServiceApp.swift */ = {isa = PBXFileReference; lastKnownFileType = sourcecode.swift; path = EjerciciosWebServiceApp.swift; sourceTree = "<group>"; };
		D1CACB022989CD6B00BF4C81 /* ContentView.swift */ = {isa = PBXFileReference; lastKnownFileType = sourcecode.swift; path = ContentView.swift; sourceTree = "<group>"; };
		D1CACB042989CD6F00BF4C81 /* Assets.xcassets */ = {isa = PBXFileReference; lastKnownFileType = folder.assetcatalog; path = Assets.xcassets; sourceTree = "<group>"; };
		D1CACB072989CD6F00BF4C81 /* Preview Assets.xcassets */ = {isa = PBXFileReference; lastKnownFileType = folder.assetcatalog; path = "Preview Assets.xcassets"; sourceTree = "<group>"; };
		D1CACB092989CD6F00BF4C81 /* Persistence.swift */ = {isa = PBXFileReference; lastKnownFileType = sourcecode.swift; path = Persistence.swift; sourceTree = "<group>"; };
		D1CACB0C2989CD6F00BF4C81 /* EjerciciosWebService.xcdatamodel */ = {isa = PBXFileReference; lastKnownFileType = wrapper.xcdatamodel; path = EjerciciosWebService.xcdatamodel; sourceTree = "<group>"; };
		D1CACB122989CD7000BF4C81 /* EjerciciosWebServiceTests.xctest */ = {isa = PBXFileReference; explicitFileType = wrapper.cfbundle; includeInIndex = 0; path = EjerciciosWebServiceTests.xctest; sourceTree = BUILT_PRODUCTS_DIR; };
		D1CACB162989CD7000BF4C81 /* EjerciciosWebServiceTests.swift */ = {isa = PBXFileReference; lastKnownFileType = sourcecode.swift; path = EjerciciosWebServiceTests.swift; sourceTree = "<group>"; };
		D1CACB1C2989CD7000BF4C81 /* EjerciciosWebServiceUITests.xctest */ = {isa = PBXFileReference; explicitFileType = wrapper.cfbundle; includeInIndex = 0; path = EjerciciosWebServiceUITests.xctest; sourceTree = BUILT_PRODUCTS_DIR; };
		D1CACB202989CD7000BF4C81 /* EjerciciosWebServiceUITests.swift */ = {isa = PBXFileReference; lastKnownFileType = sourcecode.swift; path = EjerciciosWebServiceUITests.swift; sourceTree = "<group>"; };
		D1CACB222989CD7000BF4C81 /* EjerciciosWebServiceUITestsLaunchTests.swift */ = {isa = PBXFileReference; lastKnownFileType = sourcecode.swift; path = EjerciciosWebServiceUITestsLaunchTests.swift; sourceTree = "<group>"; };
		D1CACB62298B468F00BF4C81 /* CrearComidaView.swift */ = {isa = PBXFileReference; lastKnownFileType = sourcecode.swift; path = CrearComidaView.swift; sourceTree = "<group>"; };
		D1CACB65298C2AD600BF4C81 /* MenuPrincipalView.swift */ = {isa = PBXFileReference; lastKnownFileType = sourcecode.swift; path = MenuPrincipalView.swift; sourceTree = "<group>"; };
		D1CACB67298C2DC000BF4C81 /* VerComidaView.swift */ = {isa = PBXFileReference; lastKnownFileType = sourcecode.swift; path = VerComidaView.swift; sourceTree = "<group>"; };
		D1CACB69298C2DE300BF4C81 /* CrearComidaViewModel.swift */ = {isa = PBXFileReference; lastKnownFileType = sourcecode.swift; path = CrearComidaViewModel.swift; sourceTree = "<group>"; };
		D1CACB6B298C2DF300BF4C81 /* VerComidaViewModel.swift */ = {isa = PBXFileReference; lastKnownFileType = sourcecode.swift; path = VerComidaViewModel.swift; sourceTree = "<group>"; };
		D1CACB6D298C2E0600BF4C81 /* ActualizarComidaView.swift */ = {isa = PBXFileReference; lastKnownFileType = sourcecode.swift; path = ActualizarComidaView.swift; sourceTree = "<group>"; };
		D1CACB6F298C2E1600BF4C81 /* ActualizarComidaViewModel.swift */ = {isa = PBXFileReference; lastKnownFileType = sourcecode.swift; path = ActualizarComidaViewModel.swift; sourceTree = "<group>"; };
		D1CACB71298C318F00BF4C81 /* PutComidasResponse.swift */ = {isa = PBXFileReference; lastKnownFileType = sourcecode.swift; path = PutComidasResponse.swift; sourceTree = "<group>"; };
		D1CACB73298C31BB00BF4C81 /* PutComidasRequest.swift */ = {isa = PBXFileReference; lastKnownFileType = sourcecode.swift; path = PutComidasRequest.swift; sourceTree = "<group>"; };
		D1CACB75298C321400BF4C81 /* PostComidasResponse.swift */ = {isa = PBXFileReference; lastKnownFileType = sourcecode.swift; path = PostComidasResponse.swift; sourceTree = "<group>"; };
		D1CACB77298C323F00BF4C81 /* PostComidasRequest.swift */ = {isa = PBXFileReference; lastKnownFileType = sourcecode.swift; path = PostComidasRequest.swift; sourceTree = "<group>"; };
		D1CACB79298C326A00BF4C81 /* GetComidasResponse.swift */ = {isa = PBXFileReference; lastKnownFileType = sourcecode.swift; path = GetComidasResponse.swift; sourceTree = "<group>"; };
		D1CACB7B298C329300BF4C81 /* DeleteComidasResponse.swift */ = {isa = PBXFileReference; lastKnownFileType = sourcecode.swift; path = DeleteComidasResponse.swift; sourceTree = "<group>"; };
		D1CACB7D298C32AC00BF4C81 /* DeleteComidasRequest.swift */ = {isa = PBXFileReference; lastKnownFileType = sourcecode.swift; path = DeleteComidasRequest.swift; sourceTree = "<group>"; };
/* End PBXFileReference section */

/* Begin PBXFrameworksBuildPhase section */
		D1CACAFA2989CD6B00BF4C81 /* Frameworks */ = {
			isa = PBXFrameworksBuildPhase;
			buildActionMask = 2147483647;
			files = (
				D1CACB84298C337400BF4C81 /* Kingfisher in Frameworks */,
				D1CACB81298C335900BF4C81 /* Alamofire in Frameworks */,
			);
			runOnlyForDeploymentPostprocessing = 0;
		};
		D1CACB0F2989CD7000BF4C81 /* Frameworks */ = {
			isa = PBXFrameworksBuildPhase;
			buildActionMask = 2147483647;
			files = (
			);
			runOnlyForDeploymentPostprocessing = 0;
		};
		D1CACB192989CD7000BF4C81 /* Frameworks */ = {
			isa = PBXFrameworksBuildPhase;
			buildActionMask = 2147483647;
			files = (
			);
			runOnlyForDeploymentPostprocessing = 0;
		};
/* End PBXFrameworksBuildPhase section */

/* Begin PBXGroup section */
		D1CACAF42989CD6B00BF4C81 = {
			isa = PBXGroup;
			children = (
				D1CACAFF2989CD6B00BF4C81 /* EjerciciosWebService */,
				D1CACB152989CD7000BF4C81 /* EjerciciosWebServiceTests */,
				D1CACB1F2989CD7000BF4C81 /* EjerciciosWebServiceUITests */,
				D1CACAFE2989CD6B00BF4C81 /* Products */,
			);
			sourceTree = "<group>";
		};
		D1CACAFE2989CD6B00BF4C81 /* Products */ = {
			isa = PBXGroup;
			children = (
				D1CACAFD2989CD6B00BF4C81 /* EjerciciosWebService.app */,
				D1CACB122989CD7000BF4C81 /* EjerciciosWebServiceTests.xctest */,
				D1CACB1C2989CD7000BF4C81 /* EjerciciosWebServiceUITests.xctest */,
			);
			name = Products;
			sourceTree = "<group>";
		};
		D1CACAFF2989CD6B00BF4C81 /* EjerciciosWebService */ = {
			isa = PBXGroup;
			children = (
				D1CACB64298C2ABB00BF4C81 /* MenuPrincipal */,
				D1CACB61298B466300BF4C81 /* SharedViewModel */,
				D1CACB60298B465800BF4C81 /* WebService */,
				D1CACB5F298B464E00BF4C81 /* ActualizarComida */,
				D1CACB5E298B464500BF4C81 /* VerComida */,
				D1CACB5D298B463700BF4C81 /* CrearComida */,
				D1CACB002989CD6B00BF4C81 /* EjerciciosWebServiceApp.swift */,
				D1CACB022989CD6B00BF4C81 /* ContentView.swift */,
				D1CACB042989CD6F00BF4C81 /* Assets.xcassets */,
				D1CACB092989CD6F00BF4C81 /* Persistence.swift */,
				D1CACB0B2989CD6F00BF4C81 /* EjerciciosWebService.xcdatamodeld */,
				D1CACB062989CD6F00BF4C81 /* Preview Content */,
			);
			path = EjerciciosWebService;
			sourceTree = "<group>";
		};
		D1CACB062989CD6F00BF4C81 /* Preview Content */ = {
			isa = PBXGroup;
			children = (
				D1CACB072989CD6F00BF4C81 /* Preview Assets.xcassets */,
			);
			path = "Preview Content";
			sourceTree = "<group>";
		};
		D1CACB152989CD7000BF4C81 /* EjerciciosWebServiceTests */ = {
			isa = PBXGroup;
			children = (
				D1CACB162989CD7000BF4C81 /* EjerciciosWebServiceTests.swift */,
			);
			path = EjerciciosWebServiceTests;
			sourceTree = "<group>";
		};
		D1CACB1F2989CD7000BF4C81 /* EjerciciosWebServiceUITests */ = {
			isa = PBXGroup;
			children = (
				D1CACB202989CD7000BF4C81 /* EjerciciosWebServiceUITests.swift */,
				D1CACB222989CD7000BF4C81 /* EjerciciosWebServiceUITestsLaunchTests.swift */,
			);
			path = EjerciciosWebServiceUITests;
			sourceTree = "<group>";
		};
		D1CACB5D298B463700BF4C81 /* CrearComida */ = {
			isa = PBXGroup;
			children = (
				D1CACB62298B468F00BF4C81 /* CrearComidaView.swift */,
				D1CACB69298C2DE300BF4C81 /* CrearComidaViewModel.swift */,
			);
			path = CrearComida;
			sourceTree = "<group>";
		};
		D1CACB5E298B464500BF4C81 /* VerComida */ = {
			isa = PBXGroup;
			children = (
				D1CACB67298C2DC000BF4C81 /* VerComidaView.swift */,
				D1CACB6B298C2DF300BF4C81 /* VerComidaViewModel.swift */,
			);
			path = VerComida;
			sourceTree = "<group>";
		};
		D1CACB5F298B464E00BF4C81 /* ActualizarComida */ = {
			isa = PBXGroup;
			children = (
				D1CACB6D298C2E0600BF4C81 /* ActualizarComidaView.swift */,
				D1CACB6F298C2E1600BF4C81 /* ActualizarComidaViewModel.swift */,
			);
			path = ActualizarComida;
			sourceTree = "<group>";
		};
		D1CACB60298B465800BF4C81 /* WebService */ = {
			isa = PBXGroup;
			children = (
			);
			path = WebService;
			sourceTree = "<group>";
		};
		D1CACB61298B466300BF4C81 /* SharedViewModel */ = {
			isa = PBXGroup;
			children = (
				D1CACB71298C318F00BF4C81 /* PutComidasResponse.swift */,
				D1CACB73298C31BB00BF4C81 /* PutComidasRequest.swift */,
				D1CACB75298C321400BF4C81 /* PostComidasResponse.swift */,
				D1CACB77298C323F00BF4C81 /* PostComidasRequest.swift */,
				D1CACB79298C326A00BF4C81 /* GetComidasResponse.swift */,
				D1CACB7B298C329300BF4C81 /* DeleteComidasResponse.swift */,
				D1CACB7D298C32AC00BF4C81 /* DeleteComidasRequest.swift */,
			);
			path = SharedViewModel;
			sourceTree = "<group>";
		};
		D1CACB64298C2ABB00BF4C81 /* MenuPrincipal */ = {
			isa = PBXGroup;
			children = (
				D1CACB65298C2AD600BF4C81 /* MenuPrincipalView.swift */,
			);
			path = MenuPrincipal;
			sourceTree = "<group>";
		};
/* End PBXGroup section */

/* Begin PBXNativeTarget section */
		D1CACAFC2989CD6B00BF4C81 /* EjerciciosWebService */ = {
			isa = PBXNativeTarget;
			buildConfigurationList = D1CACB262989CD7000BF4C81 /* Build configuration list for PBXNativeTarget "EjerciciosWebService" */;
			buildPhases = (
				D1CACAF92989CD6B00BF4C81 /* Sources */,
				D1CACAFA2989CD6B00BF4C81 /* Frameworks */,
				D1CACAFB2989CD6B00BF4C81 /* Resources */,
			);
			buildRules = (
			);
			dependencies = (
			);
			name = EjerciciosWebService;
			packageProductDependencies = (
				D1CACB80298C335900BF4C81 /* Alamofire */,
				D1CACB83298C337400BF4C81 /* Kingfisher */,
			);
			productName = EjerciciosWebService;
			productReference = D1CACAFD2989CD6B00BF4C81 /* EjerciciosWebService.app */;
			productType = "com.apple.product-type.application";
		};
		D1CACB112989CD7000BF4C81 /* EjerciciosWebServiceTests */ = {
			isa = PBXNativeTarget;
			buildConfigurationList = D1CACB292989CD7000BF4C81 /* Build configuration list for PBXNativeTarget "EjerciciosWebServiceTests" */;
			buildPhases = (
				D1CACB0E2989CD7000BF4C81 /* Sources */,
				D1CACB0F2989CD7000BF4C81 /* Frameworks */,
				D1CACB102989CD7000BF4C81 /* Resources */,
			);
			buildRules = (
			);
			dependencies = (
				D1CACB142989CD7000BF4C81 /* PBXTargetDependency */,
			);
			name = EjerciciosWebServiceTests;
			productName = EjerciciosWebServiceTests;
			productReference = D1CACB122989CD7000BF4C81 /* EjerciciosWebServiceTests.xctest */;
			productType = "com.apple.product-type.bundle.unit-test";
		};
		D1CACB1B2989CD7000BF4C81 /* EjerciciosWebServiceUITests */ = {
			isa = PBXNativeTarget;
			buildConfigurationList = D1CACB2C2989CD7000BF4C81 /* Build configuration list for PBXNativeTarget "EjerciciosWebServiceUITests" */;
			buildPhases = (
				D1CACB182989CD7000BF4C81 /* Sources */,
				D1CACB192989CD7000BF4C81 /* Frameworks */,
				D1CACB1A2989CD7000BF4C81 /* Resources */,
			);
			buildRules = (
			);
			dependencies = (
				D1CACB1E2989CD7000BF4C81 /* PBXTargetDependency */,
			);
			name = EjerciciosWebServiceUITests;
			productName = EjerciciosWebServiceUITests;
			productReference = D1CACB1C2989CD7000BF4C81 /* EjerciciosWebServiceUITests.xctest */;
			productType = "com.apple.product-type.bundle.ui-testing";
		};
/* End PBXNativeTarget section */

/* Begin PBXProject section */
		D1CACAF52989CD6B00BF4C81 /* Project object */ = {
			isa = PBXProject;
			attributes = {
				BuildIndependentTargetsInParallel = 1;
				LastSwiftUpdateCheck = 1420;
				LastUpgradeCheck = 1420;
				TargetAttributes = {
					D1CACAFC2989CD6B00BF4C81 = {
						CreatedOnToolsVersion = 14.2;
					};
					D1CACB112989CD7000BF4C81 = {
						CreatedOnToolsVersion = 14.2;
						TestTargetID = D1CACAFC2989CD6B00BF4C81;
					};
					D1CACB1B2989CD7000BF4C81 = {
						CreatedOnToolsVersion = 14.2;
						TestTargetID = D1CACAFC2989CD6B00BF4C81;
					};
				};
			};
			buildConfigurationList = D1CACAF82989CD6B00BF4C81 /* Build configuration list for PBXProject "EjerciciosWebService" */;
			compatibilityVersion = "Xcode 14.0";
			developmentRegion = en;
			hasScannedForEncodings = 0;
			knownRegions = (
				en,
				Base,
			);
			mainGroup = D1CACAF42989CD6B00BF4C81;
			packageReferences = (
				D1CACB7F298C335900BF4C81 /* XCRemoteSwiftPackageReference "Alamofire" */,
				D1CACB82298C337400BF4C81 /* XCRemoteSwiftPackageReference "Kingfisher" */,
			);
			productRefGroup = D1CACAFE2989CD6B00BF4C81 /* Products */;
			projectDirPath = "";
			projectRoot = "";
			targets = (
				D1CACAFC2989CD6B00BF4C81 /* EjerciciosWebService */,
				D1CACB112989CD7000BF4C81 /* EjerciciosWebServiceTests */,
				D1CACB1B2989CD7000BF4C81 /* EjerciciosWebServiceUITests */,
			);
		};
/* End PBXProject section */

/* Begin PBXResourcesBuildPhase section */
		D1CACAFB2989CD6B00BF4C81 /* Resources */ = {
			isa = PBXResourcesBuildPhase;
			buildActionMask = 2147483647;
			files = (
				D1CACB082989CD6F00BF4C81 /* Preview Assets.xcassets in Resources */,
				D1CACB052989CD6F00BF4C81 /* Assets.xcassets in Resources */,
			);
			runOnlyForDeploymentPostprocessing = 0;
		};
		D1CACB102989CD7000BF4C81 /* Resources */ = {
			isa = PBXResourcesBuildPhase;
			buildActionMask = 2147483647;
			files = (
			);
			runOnlyForDeploymentPostprocessing = 0;
		};
		D1CACB1A2989CD7000BF4C81 /* Resources */ = {
			isa = PBXResourcesBuildPhase;
			buildActionMask = 2147483647;
			files = (
			);
			runOnlyForDeploymentPostprocessing = 0;
		};
/* End PBXResourcesBuildPhase section */

/* Begin PBXSourcesBuildPhase section */
		D1CACAF92989CD6B00BF4C81 /* Sources */ = {
			isa = PBXSourcesBuildPhase;
			buildActionMask = 2147483647;
			files = (
				D1CACB78298C323F00BF4C81 /* PostComidasRequest.swift in Sources */,
				D1CACB7C298C329300BF4C81 /* DeleteComidasResponse.swift in Sources */,
				D1CACB0D2989CD6F00BF4C81 /* EjerciciosWebService.xcdatamodeld in Sources */,
				D1CACB7A298C326A00BF4C81 /* GetComidasResponse.swift in Sources */,
				D1CACB63298B468F00BF4C81 /* CrearComidaView.swift in Sources */,
				D1CACB68298C2DC100BF4C81 /* VerComidaView.swift in Sources */,
				D1CACB74298C31BB00BF4C81 /* PutComidasRequest.swift in Sources */,
				D1CACB6A298C2DE300BF4C81 /* CrearComidaViewModel.swift in Sources */,
				D1CACB66298C2AD600BF4C81 /* MenuPrincipalView.swift in Sources */,
				D1CACB0A2989CD6F00BF4C81 /* Persistence.swift in Sources */,
				D1CACB6C298C2DF300BF4C81 /* VerComidaViewModel.swift in Sources */,
				D1CACB032989CD6B00BF4C81 /* ContentView.swift in Sources */,
				D1CACB012989CD6B00BF4C81 /* EjerciciosWebServiceApp.swift in Sources */,
				D1CACB70298C2E1600BF4C81 /* ActualizarComidaViewModel.swift in Sources */,
				D1CACB6E298C2E0600BF4C81 /* ActualizarComidaView.swift in Sources */,
				D1CACB72298C318F00BF4C81 /* PutComidasResponse.swift in Sources */,
				D1CACB76298C321400BF4C81 /* PostComidasResponse.swift in Sources */,
				D1CACB7E298C32AC00BF4C81 /* DeleteComidasRequest.swift in Sources */,
			);
			runOnlyForDeploymentPostprocessing = 0;
		};
		D1CACB0E2989CD7000BF4C81 /* Sources */ = {
			isa = PBXSourcesBuildPhase;
			buildActionMask = 2147483647;
			files = (
				D1CACB172989CD7000BF4C81 /* EjerciciosWebServiceTests.swift in Sources */,
			);
			runOnlyForDeploymentPostprocessing = 0;
		};
		D1CACB182989CD7000BF4C81 /* Sources */ = {
			isa = PBXSourcesBuildPhase;
			buildActionMask = 2147483647;
			files = (
				D1CACB212989CD7000BF4C81 /* EjerciciosWebServiceUITests.swift in Sources */,
				D1CACB232989CD7000BF4C81 /* EjerciciosWebServiceUITestsLaunchTests.swift in Sources */,
			);
			runOnlyForDeploymentPostprocessing = 0;
		};
/* End PBXSourcesBuildPhase section */

/* Begin PBXTargetDependency section */
		D1CACB142989CD7000BF4C81 /* PBXTargetDependency */ = {
			isa = PBXTargetDependency;
			target = D1CACAFC2989CD6B00BF4C81 /* EjerciciosWebService */;
			targetProxy = D1CACB132989CD7000BF4C81 /* PBXContainerItemProxy */;
		};
		D1CACB1E2989CD7000BF4C81 /* PBXTargetDependency */ = {
			isa = PBXTargetDependency;
			target = D1CACAFC2989CD6B00BF4C81 /* EjerciciosWebService */;
			targetProxy = D1CACB1D2989CD7000BF4C81 /* PBXContainerItemProxy */;
		};
/* End PBXTargetDependency section */

/* Begin XCBuildConfiguration section */
		D1CACB242989CD7000BF4C81 /* Debug */ = {
			isa = XCBuildConfiguration;
			buildSettings = {
				ALWAYS_SEARCH_USER_PATHS = NO;
				CLANG_ANALYZER_NONNULL = YES;
				CLANG_ANALYZER_NUMBER_OBJECT_CONVERSION = YES_AGGRESSIVE;
				CLANG_CXX_LANGUAGE_STANDARD = "gnu++20";
				CLANG_ENABLE_MODULES = YES;
				CLANG_ENABLE_OBJC_ARC = YES;
				CLANG_ENABLE_OBJC_WEAK = YES;
				CLANG_WARN_BLOCK_CAPTURE_AUTORELEASING = YES;
				CLANG_WARN_BOOL_CONVERSION = YES;
				CLANG_WARN_COMMA = YES;
				CLANG_WARN_CONSTANT_CONVERSION = YES;
				CLANG_WARN_DEPRECATED_OBJC_IMPLEMENTATIONS = YES;
				CLANG_WARN_DIRECT_OBJC_ISA_USAGE = YES_ERROR;
				CLANG_WARN_DOCUMENTATION_COMMENTS = YES;
				CLANG_WARN_EMPTY_BODY = YES;
				CLANG_WARN_ENUM_CONVERSION = YES;
				CLANG_WARN_INFINITE_RECURSION = YES;
				CLANG_WARN_INT_CONVERSION = YES;
				CLANG_WARN_NON_LITERAL_NULL_CONVERSION = YES;
				CLANG_WARN_OBJC_IMPLICIT_RETAIN_SELF = YES;
				CLANG_WARN_OBJC_LITERAL_CONVERSION = YES;
				CLANG_WARN_OBJC_ROOT_CLASS = YES_ERROR;
				CLANG_WARN_QUOTED_INCLUDE_IN_FRAMEWORK_HEADER = YES;
				CLANG_WARN_RANGE_LOOP_ANALYSIS = YES;
				CLANG_WARN_STRICT_PROTOTYPES = YES;
				CLANG_WARN_SUSPICIOUS_MOVE = YES;
				CLANG_WARN_UNGUARDED_AVAILABILITY = YES_AGGRESSIVE;
				CLANG_WARN_UNREACHABLE_CODE = YES;
				CLANG_WARN__DUPLICATE_METHOD_MATCH = YES;
				COPY_PHASE_STRIP = NO;
				DEBUG_INFORMATION_FORMAT = dwarf;
				ENABLE_STRICT_OBJC_MSGSEND = YES;
				ENABLE_TESTABILITY = YES;
				GCC_C_LANGUAGE_STANDARD = gnu11;
				GCC_DYNAMIC_NO_PIC = NO;
				GCC_NO_COMMON_BLOCKS = YES;
				GCC_OPTIMIZATION_LEVEL = 0;
				GCC_PREPROCESSOR_DEFINITIONS = (
					"DEBUG=1",
					"$(inherited)",
				);
				GCC_WARN_64_TO_32_BIT_CONVERSION = YES;
				GCC_WARN_ABOUT_RETURN_TYPE = YES_ERROR;
				GCC_WARN_UNDECLARED_SELECTOR = YES;
				GCC_WARN_UNINITIALIZED_AUTOS = YES_AGGRESSIVE;
				GCC_WARN_UNUSED_FUNCTION = YES;
				GCC_WARN_UNUSED_VARIABLE = YES;
				IPHONEOS_DEPLOYMENT_TARGET = 16.2;
				MTL_ENABLE_DEBUG_INFO = INCLUDE_SOURCE;
				MTL_FAST_MATH = YES;
				ONLY_ACTIVE_ARCH = YES;
				SDKROOT = iphoneos;
				SWIFT_ACTIVE_COMPILATION_CONDITIONS = DEBUG;
				SWIFT_OPTIMIZATION_LEVEL = "-Onone";
			};
			name = Debug;
		};
		D1CACB252989CD7000BF4C81 /* Release */ = {
			isa = XCBuildConfiguration;
			buildSettings = {
				ALWAYS_SEARCH_USER_PATHS = NO;
				CLANG_ANALYZER_NONNULL = YES;
				CLANG_ANALYZER_NUMBER_OBJECT_CONVERSION = YES_AGGRESSIVE;
				CLANG_CXX_LANGUAGE_STANDARD = "gnu++20";
				CLANG_ENABLE_MODULES = YES;
				CLANG_ENABLE_OBJC_ARC = YES;
				CLANG_ENABLE_OBJC_WEAK = YES;
				CLANG_WARN_BLOCK_CAPTURE_AUTORELEASING = YES;
				CLANG_WARN_BOOL_CONVERSION = YES;
				CLANG_WARN_COMMA = YES;
				CLANG_WARN_CONSTANT_CONVERSION = YES;
				CLANG_WARN_DEPRECATED_OBJC_IMPLEMENTATIONS = YES;
				CLANG_WARN_DIRECT_OBJC_ISA_USAGE = YES_ERROR;
				CLANG_WARN_DOCUMENTATION_COMMENTS = YES;
				CLANG_WARN_EMPTY_BODY = YES;
				CLANG_WARN_ENUM_CONVERSION = YES;
				CLANG_WARN_INFINITE_RECURSION = YES;
				CLANG_WARN_INT_CONVERSION = YES;
				CLANG_WARN_NON_LITERAL_NULL_CONVERSION = YES;
				CLANG_WARN_OBJC_IMPLICIT_RETAIN_SELF = YES;
				CLANG_WARN_OBJC_LITERAL_CONVERSION = YES;
				CLANG_WARN_OBJC_ROOT_CLASS = YES_ERROR;
				CLANG_WARN_QUOTED_INCLUDE_IN_FRAMEWORK_HEADER = YES;
				CLANG_WARN_RANGE_LOOP_ANALYSIS = YES;
				CLANG_WARN_STRICT_PROTOTYPES = YES;
				CLANG_WARN_SUSPICIOUS_MOVE = YES;
				CLANG_WARN_UNGUARDED_AVAILABILITY = YES_AGGRESSIVE;
				CLANG_WARN_UNREACHABLE_CODE = YES;
				CLANG_WARN__DUPLICATE_METHOD_MATCH = YES;
				COPY_PHASE_STRIP = NO;
				DEBUG_INFORMATION_FORMAT = "dwarf-with-dsym";
				ENABLE_NS_ASSERTIONS = NO;
				ENABLE_STRICT_OBJC_MSGSEND = YES;
				GCC_C_LANGUAGE_STANDARD = gnu11;
				GCC_NO_COMMON_BLOCKS = YES;
				GCC_WARN_64_TO_32_BIT_CONVERSION = YES;
				GCC_WARN_ABOUT_RETURN_TYPE = YES_ERROR;
				GCC_WARN_UNDECLARED_SELECTOR = YES;
				GCC_WARN_UNINITIALIZED_AUTOS = YES_AGGRESSIVE;
				GCC_WARN_UNUSED_FUNCTION = YES;
				GCC_WARN_UNUSED_VARIABLE = YES;
				IPHONEOS_DEPLOYMENT_TARGET = 16.2;
				MTL_ENABLE_DEBUG_INFO = NO;
				MTL_FAST_MATH = YES;
				SDKROOT = iphoneos;
				SWIFT_COMPILATION_MODE = wholemodule;
				SWIFT_OPTIMIZATION_LEVEL = "-O";
				VALIDATE_PRODUCT = YES;
			};
			name = Release;
		};
		D1CACB272989CD7000BF4C81 /* Debug */ = {
			isa = XCBuildConfiguration;
			buildSettings = {
				ASSETCATALOG_COMPILER_APPICON_NAME = AppIcon;
				ASSETCATALOG_COMPILER_GLOBAL_ACCENT_COLOR_NAME = AccentColor;
				CODE_SIGN_STYLE = Automatic;
				CURRENT_PROJECT_VERSION = 1;
				DEVELOPMENT_ASSET_PATHS = "\"EjerciciosWebService/Preview Content\"";
				DEVELOPMENT_TEAM = H9JXH336V5;
				ENABLE_PREVIEWS = YES;
				GENERATE_INFOPLIST_FILE = YES;
				INFOPLIST_KEY_UIApplicationSceneManifest_Generation = YES;
				INFOPLIST_KEY_UIApplicationSupportsIndirectInputEvents = YES;
				INFOPLIST_KEY_UILaunchScreen_Generation = YES;
				INFOPLIST_KEY_UISupportedInterfaceOrientations_iPad = "UIInterfaceOrientationPortrait UIInterfaceOrientationPortraitUpsideDown UIInterfaceOrientationLandscapeLeft UIInterfaceOrientationLandscapeRight";
				INFOPLIST_KEY_UISupportedInterfaceOrientations_iPhone = "UIInterfaceOrientationPortrait UIInterfaceOrientationLandscapeLeft UIInterfaceOrientationLandscapeRight";
				LD_RUNPATH_SEARCH_PATHS = (
					"$(inherited)",
					"@executable_path/Frameworks",
				);
				MARKETING_VERSION = 1.0;
				PRODUCT_BUNDLE_IDENTIFIER = com.laclave.EjerciciosWebService;
				PRODUCT_NAME = "$(TARGET_NAME)";
				SWIFT_EMIT_LOC_STRINGS = YES;
				SWIFT_VERSION = 5.0;
				TARGETED_DEVICE_FAMILY = "1,2";
			};
			name = Debug;
		};
		D1CACB282989CD7000BF4C81 /* Release */ = {
			isa = XCBuildConfiguration;
			buildSettings = {
				ASSETCATALOG_COMPILER_APPICON_NAME = AppIcon;
				ASSETCATALOG_COMPILER_GLOBAL_ACCENT_COLOR_NAME = AccentColor;
				CODE_SIGN_STYLE = Automatic;
				CURRENT_PROJECT_VERSION = 1;
				DEVELOPMENT_ASSET_PATHS = "\"EjerciciosWebService/Preview Content\"";
				DEVELOPMENT_TEAM = H9JXH336V5;
				ENABLE_PREVIEWS = YES;
				GENERATE_INFOPLIST_FILE = YES;
				INFOPLIST_KEY_UIApplicationSceneManifest_Generation = YES;
				INFOPLIST_KEY_UIApplicationSupportsIndirectInputEvents = YES;
				INFOPLIST_KEY_UILaunchScreen_Generation = YES;
				INFOPLIST_KEY_UISupportedInterfaceOrientations_iPad = "UIInterfaceOrientationPortrait UIInterfaceOrientationPortraitUpsideDown UIInterfaceOrientationLandscapeLeft UIInterfaceOrientationLandscapeRight";
				INFOPLIST_KEY_UISupportedInterfaceOrientations_iPhone = "UIInterfaceOrientationPortrait UIInterfaceOrientationLandscapeLeft UIInterfaceOrientationLandscapeRight";
				LD_RUNPATH_SEARCH_PATHS = (
					"$(inherited)",
					"@executable_path/Frameworks",
				);
				MARKETING_VERSION = 1.0;
				PRODUCT_BUNDLE_IDENTIFIER = com.laclave.EjerciciosWebService;
				PRODUCT_NAME = "$(TARGET_NAME)";
				SWIFT_EMIT_LOC_STRINGS = YES;
				SWIFT_VERSION = 5.0;
				TARGETED_DEVICE_FAMILY = "1,2";
			};
			name = Release;
		};
		D1CACB2A2989CD7000BF4C81 /* Debug */ = {
			isa = XCBuildConfiguration;
			buildSettings = {
				ALWAYS_EMBED_SWIFT_STANDARD_LIBRARIES = YES;
				BUNDLE_LOADER = "$(TEST_HOST)";
				CODE_SIGN_STYLE = Automatic;
				CURRENT_PROJECT_VERSION = 1;
				DEVELOPMENT_TEAM = H9JXH336V5;
				GENERATE_INFOPLIST_FILE = YES;
				IPHONEOS_DEPLOYMENT_TARGET = 16.2;
				MARKETING_VERSION = 1.0;
				PRODUCT_BUNDLE_IDENTIFIER = com.laclave.EjerciciosWebServiceTests;
				PRODUCT_NAME = "$(TARGET_NAME)";
				SWIFT_EMIT_LOC_STRINGS = NO;
				SWIFT_VERSION = 5.0;
				TARGETED_DEVICE_FAMILY = "1,2";
				TEST_HOST = "$(BUILT_PRODUCTS_DIR)/EjerciciosWebService.app/$(BUNDLE_EXECUTABLE_FOLDER_PATH)/EjerciciosWebService";
			};
			name = Debug;
		};
		D1CACB2B2989CD7000BF4C81 /* Release */ = {
			isa = XCBuildConfiguration;
			buildSettings = {
				ALWAYS_EMBED_SWIFT_STANDARD_LIBRARIES = YES;
				BUNDLE_LOADER = "$(TEST_HOST)";
				CODE_SIGN_STYLE = Automatic;
				CURRENT_PROJECT_VERSION = 1;
				DEVELOPMENT_TEAM = H9JXH336V5;
				GENERATE_INFOPLIST_FILE = YES;
				IPHONEOS_DEPLOYMENT_TARGET = 16.2;
				MARKETING_VERSION = 1.0;
				PRODUCT_BUNDLE_IDENTIFIER = com.laclave.EjerciciosWebServiceTests;
				PRODUCT_NAME = "$(TARGET_NAME)";
				SWIFT_EMIT_LOC_STRINGS = NO;
				SWIFT_VERSION = 5.0;
				TARGETED_DEVICE_FAMILY = "1,2";
				TEST_HOST = "$(BUILT_PRODUCTS_DIR)/EjerciciosWebService.app/$(BUNDLE_EXECUTABLE_FOLDER_PATH)/EjerciciosWebService";
			};
			name = Release;
		};
		D1CACB2D2989CD7000BF4C81 /* Debug */ = {
			isa = XCBuildConfiguration;
			buildSettings = {
				ALWAYS_EMBED_SWIFT_STANDARD_LIBRARIES = YES;
				CODE_SIGN_STYLE = Automatic;
				CURRENT_PROJECT_VERSION = 1;
				DEVELOPMENT_TEAM = H9JXH336V5;
				GENERATE_INFOPLIST_FILE = YES;
				MARKETING_VERSION = 1.0;
				PRODUCT_BUNDLE_IDENTIFIER = com.laclave.EjerciciosWebServiceUITests;
				PRODUCT_NAME = "$(TARGET_NAME)";
				SWIFT_EMIT_LOC_STRINGS = NO;
				SWIFT_VERSION = 5.0;
				TARGETED_DEVICE_FAMILY = "1,2";
				TEST_TARGET_NAME = EjerciciosWebService;
			};
			name = Debug;
		};
		D1CACB2E2989CD7000BF4C81 /* Release */ = {
			isa = XCBuildConfiguration;
			buildSettings = {
				ALWAYS_EMBED_SWIFT_STANDARD_LIBRARIES = YES;
				CODE_SIGN_STYLE = Automatic;
				CURRENT_PROJECT_VERSION = 1;
				DEVELOPMENT_TEAM = H9JXH336V5;
				GENERATE_INFOPLIST_FILE = YES;
				MARKETING_VERSION = 1.0;
				PRODUCT_BUNDLE_IDENTIFIER = com.laclave.EjerciciosWebServiceUITests;
				PRODUCT_NAME = "$(TARGET_NAME)";
				SWIFT_EMIT_LOC_STRINGS = NO;
				SWIFT_VERSION = 5.0;
				TARGETED_DEVICE_FAMILY = "1,2";
				TEST_TARGET_NAME = EjerciciosWebService;
			};
			name = Release;
		};
/* End XCBuildConfiguration section */

/* Begin XCConfigurationList section */
		D1CACAF82989CD6B00BF4C81 /* Build configuration list for PBXProject "EjerciciosWebService" */ = {
			isa = XCConfigurationList;
			buildConfigurations = (
				D1CACB242989CD7000BF4C81 /* Debug */,
				D1CACB252989CD7000BF4C81 /* Release */,
			);
			defaultConfigurationIsVisible = 0;
			defaultConfigurationName = Release;
		};
		D1CACB262989CD7000BF4C81 /* Build configuration list for PBXNativeTarget "EjerciciosWebService" */ = {
			isa = XCConfigurationList;
			buildConfigurations = (
				D1CACB272989CD7000BF4C81 /* Debug */,
				D1CACB282989CD7000BF4C81 /* Release */,
			);
			defaultConfigurationIsVisible = 0;
			defaultConfigurationName = Release;
		};
		D1CACB292989CD7000BF4C81 /* Build configuration list for PBXNativeTarget "EjerciciosWebServiceTests" */ = {
			isa = XCConfigurationList;
			buildConfigurations = (
				D1CACB2A2989CD7000BF4C81 /* Debug */,
				D1CACB2B2989CD7000BF4C81 /* Release */,
			);
			defaultConfigurationIsVisible = 0;
			defaultConfigurationName = Release;
		};
		D1CACB2C2989CD7000BF4C81 /* Build configuration list for PBXNativeTarget "EjerciciosWebServiceUITests" */ = {
			isa = XCConfigurationList;
			buildConfigurations = (
				D1CACB2D2989CD7000BF4C81 /* Debug */,
				D1CACB2E2989CD7000BF4C81 /* Release */,
			);
			defaultConfigurationIsVisible = 0;
			defaultConfigurationName = Release;
		};
/* End XCConfigurationList section */

/* Begin XCRemoteSwiftPackageReference section */
		D1CACB7F298C335900BF4C81 /* XCRemoteSwiftPackageReference "Alamofire" */ = {
			isa = XCRemoteSwiftPackageReference;
			repositoryURL = "https://github.com/Alamofire/Alamofire";
			requirement = {
				kind = upToNextMajorVersion;
				minimumVersion = 5.0.0;
			};
		};
		D1CACB82298C337400BF4C81 /* XCRemoteSwiftPackageReference "Kingfisher" */ = {
			isa = XCRemoteSwiftPackageReference;
			repositoryURL = "https://github.com/onevcat/Kingfisher";
			requirement = {
				branch = master;
				kind = branch;
			};
		};
/* End XCRemoteSwiftPackageReference section */

/* Begin XCSwiftPackageProductDependency section */
		D1CACB80298C335900BF4C81 /* Alamofire */ = {
			isa = XCSwiftPackageProductDependency;
			package = D1CACB7F298C335900BF4C81 /* XCRemoteSwiftPackageReference "Alamofire" */;
			productName = Alamofire;
		};
		D1CACB83298C337400BF4C81 /* Kingfisher */ = {
			isa = XCSwiftPackageProductDependency;
			package = D1CACB82298C337400BF4C81 /* XCRemoteSwiftPackageReference "Kingfisher" */;
			productName = Kingfisher;
		};
/* End XCSwiftPackageProductDependency section */

/* Begin XCVersionGroup section */
		D1CACB0B2989CD6F00BF4C81 /* EjerciciosWebService.xcdatamodeld */ = {
			isa = XCVersionGroup;
			children = (
				D1CACB0C2989CD6F00BF4C81 /* EjerciciosWebService.xcdatamodel */,
			);
			currentVersion = D1CACB0C2989CD6F00BF4C81 /* EjerciciosWebService.xcdatamodel */;
			path = EjerciciosWebService.xcdatamodeld;
			sourceTree = "<group>";
			versionGroupType = wrapper.xcdatamodel;
		};
/* End XCVersionGroup section */
	};
	rootObject = D1CACAF52989CD6B00BF4C81 /* Project object */;
}
