// !$*UTF8*$!
{
	archiveVersion = 1;
	classes = {
	};
	objectVersion = 56;
	objects = {

/* Begin PBXBuildFile section */
		D12BB40229A536D100AC7113 /* MenuPrincipalView.swift in Sources */ = {isa = PBXBuildFile; fileRef = D12BB40129A536D100AC7113 /* MenuPrincipalView.swift */; };
		D12BB40529A57E8500AC7113 /* Componentes.swift in Sources */ = {isa = PBXBuildFile; fileRef = D12BB40429A57E8500AC7113 /* Componentes.swift */; };
		D12BB42F29A591D200AC7113 /* ContinueView.swift in Sources */ = {isa = PBXBuildFile; fileRef = D12BB42E29A591D200AC7113 /* ContinueView.swift */; };
		D12BB43229A6880900AC7113 /* SignUpView.swift in Sources */ = {isa = PBXBuildFile; fileRef = D12BB43129A6880900AC7113 /* SignUpView.swift */; };
		D12BB43529A6948A00AC7113 /* LogInView.swift in Sources */ = {isa = PBXBuildFile; fileRef = D12BB43429A6948A00AC7113 /* LogInView.swift */; };
		D12BB43829A6D62000AC7113 /* RegisterView.swift in Sources */ = {isa = PBXBuildFile; fileRef = D12BB43729A6D62000AC7113 /* RegisterView.swift */; };
		D12BB43B29A6DC8400AC7113 /* HomePageView.swift in Sources */ = {isa = PBXBuildFile; fileRef = D12BB43A29A6DC8400AC7113 /* HomePageView.swift */; };
		D12BB43D29A6EF4100AC7113 /* GoogleService-Info.plist in Resources */ = {isa = PBXBuildFile; fileRef = D12BB43C29A6EF4000AC7113 /* GoogleService-Info.plist */; };
		D12BB44029A6EFD000AC7113 /* FirebaseAuth in Frameworks */ = {isa = PBXBuildFile; productRef = D12BB43F29A6EFD000AC7113 /* FirebaseAuth */; };
		D12BB44329A6F0F100AC7113 /* AppDelegate.swift in Sources */ = {isa = PBXBuildFile; fileRef = D12BB44229A6F0F100AC7113 /* AppDelegate.swift */; };
		D1B6EE7F29A7E0580031337C /* RegisterViewModel.swift in Sources */ = {isa = PBXBuildFile; fileRef = D1B6EE7E29A7E0580031337C /* RegisterViewModel.swift */; };
		D1B6EE8129A7F3A30031337C /* LogInViewModel.swift in Sources */ = {isa = PBXBuildFile; fileRef = D1B6EE8029A7F3A30031337C /* LogInViewModel.swift */; };
		D1B6EE8329A7F8050031337C /* AppState.swift in Sources */ = {isa = PBXBuildFile; fileRef = D1B6EE8229A7F8050031337C /* AppState.swift */; };
		D1CACB012989CD6B00BF4C81 /* EjerciciosWebServiceApp.swift in Sources */ = {isa = PBXBuildFile; fileRef = D1CACB002989CD6B00BF4C81 /* EjerciciosWebServiceApp.swift */; };
		D1CACB052989CD6F00BF4C81 /* Assets.xcassets in Resources */ = {isa = PBXBuildFile; fileRef = D1CACB042989CD6F00BF4C81 /* Assets.xcassets */; };
		D1CACB082989CD6F00BF4C81 /* Preview Assets.xcassets in Resources */ = {isa = PBXBuildFile; fileRef = D1CACB072989CD6F00BF4C81 /* Preview Assets.xcassets */; };
		D1CACB0D2989CD6F00BF4C81 /* EjerciciosWebService.xcdatamodeld in Sources */ = {isa = PBXBuildFile; fileRef = D1CACB0B2989CD6F00BF4C81 /* EjerciciosWebService.xcdatamodeld */; };
		D1CACB172989CD7000BF4C81 /* EjerciciosWebServiceTests.swift in Sources */ = {isa = PBXBuildFile; fileRef = D1CACB162989CD7000BF4C81 /* EjerciciosWebServiceTests.swift */; };
		D1CACB212989CD7000BF4C81 /* EjerciciosWebServiceUITests.swift in Sources */ = {isa = PBXBuildFile; fileRef = D1CACB202989CD7000BF4C81 /* EjerciciosWebServiceUITests.swift */; };
		D1CACB232989CD7000BF4C81 /* EjerciciosWebServiceUITestsLaunchTests.swift in Sources */ = {isa = PBXBuildFile; fileRef = D1CACB222989CD7000BF4C81 /* EjerciciosWebServiceUITestsLaunchTests.swift */; };
/* End PBXBuildFile section */

/* Begin PBXContainerItemProxy section */
		D1CACB132989CD7000BF4C81 /* PBXContainerItemProxy */ = {
			isa = PBXContainerItemProxy;
			containerPortal = D1CACAF52989CD6B00BF4C81 /* Project object */;
			proxyType = 1;
			remoteGlobalIDString = D1CACAFC2989CD6B00BF4C81;
			remoteInfo = EjerciciosWebService;
		};
		D1CACB1D2989CD7000BF4C81 /* PBXContainerItemProxy */ = {
			isa = PBXContainerItemProxy;
			containerPortal = D1CACAF52989CD6B00BF4C81 /* Project object */;
			proxyType = 1;
			remoteGlobalIDString = D1CACAFC2989CD6B00BF4C81;
			remoteInfo = EjerciciosWebService;
		};
/* End PBXContainerItemProxy section */

/* Begin PBXFileReference section */
		D12BB40129A536D100AC7113 /* MenuPrincipalView.swift */ = {isa = PBXFileReference; lastKnownFileType = sourcecode.swift; path = MenuPrincipalView.swift; sourceTree = "<group>"; };
		D12BB40429A57E8500AC7113 /* Componentes.swift */ = {isa = PBXFileReference; lastKnownFileType = sourcecode.swift; path = Componentes.swift; sourceTree = "<group>"; };
		D12BB40629A585BE00AC7113 /* Info.plist */ = {isa = PBXFileReference; lastKnownFileType = text.plist.xml; path = Info.plist; sourceTree = "<group>"; };
		D12BB41B29A58E0000AC7113 /* Montserrat-Regular.ttf */ = {isa = PBXFileReference; lastKnownFileType = file; name = "Montserrat-Regular.ttf"; path = "../../../../Downloads/Montserrat/static/Montserrat-Regular.ttf"; sourceTree = "<group>"; };
		D12BB41C29A58E0000AC7113 /* Montserrat-Medium.ttf */ = {isa = PBXFileReference; lastKnownFileType = file; name = "Montserrat-Medium.ttf"; path = "../../../../Downloads/Montserrat/static/Montserrat-Medium.ttf"; sourceTree = "<group>"; };
		D12BB41D29A58E0000AC7113 /* Montserrat-Bold.ttf */ = {isa = PBXFileReference; lastKnownFileType = file; name = "Montserrat-Bold.ttf"; path = "../../../../Downloads/Montserrat/static/Montserrat-Bold.ttf"; sourceTree = "<group>"; };
		D12BB41E29A58E0000AC7113 /* Montserrat-LightItalic.ttf */ = {isa = PBXFileReference; lastKnownFileType = file; name = "Montserrat-LightItalic.ttf"; path = "../../../../Downloads/Montserrat/static/Montserrat-LightItalic.ttf"; sourceTree = "<group>"; };
		D12BB41F29A58E0000AC7113 /* Montserrat-BoldItalic.ttf */ = {isa = PBXFileReference; lastKnownFileType = file; name = "Montserrat-BoldItalic.ttf"; path = "../../../../Downloads/Montserrat/static/Montserrat-BoldItalic.ttf"; sourceTree = "<group>"; };
		D12BB42029A58E0000AC7113 /* Montserrat-ExtraBoldItalic.ttf */ = {isa = PBXFileReference; lastKnownFileType = file; name = "Montserrat-ExtraBoldItalic.ttf"; path = "../../../../Downloads/Montserrat/static/Montserrat-ExtraBoldItalic.ttf"; sourceTree = "<group>"; };
		D12BB42129A58E0000AC7113 /* Montserrat-Black.ttf */ = {isa = PBXFileReference; lastKnownFileType = file; name = "Montserrat-Black.ttf"; path = "../../../../Downloads/Montserrat/static/Montserrat-Black.ttf"; sourceTree = "<group>"; };
		D12BB42229A58E0000AC7113 /* Montserrat-SemiBoldItalic.ttf */ = {isa = PBXFileReference; lastKnownFileType = file; name = "Montserrat-SemiBoldItalic.ttf"; path = "../../../../Downloads/Montserrat/static/Montserrat-SemiBoldItalic.ttf"; sourceTree = "<group>"; };
		D12BB42329A58E0000AC7113 /* Montserrat-ExtraBold.ttf */ = {isa = PBXFileReference; lastKnownFileType = file; name = "Montserrat-ExtraBold.ttf"; path = "../../../../Downloads/Montserrat/static/Montserrat-ExtraBold.ttf"; sourceTree = "<group>"; };
		D12BB42429A58E0100AC7113 /* Montserrat-SemiBold.ttf */ = {isa = PBXFileReference; lastKnownFileType = file; name = "Montserrat-SemiBold.ttf"; path = "../../../../Downloads/Montserrat/static/Montserrat-SemiBold.ttf"; sourceTree = "<group>"; };
		D12BB42529A58E0100AC7113 /* Montserrat-ExtraLightItalic.ttf */ = {isa = PBXFileReference; lastKnownFileType = file; name = "Montserrat-ExtraLightItalic.ttf"; path = "../../../../Downloads/Montserrat/static/Montserrat-ExtraLightItalic.ttf"; sourceTree = "<group>"; };
		D12BB42629A58E0100AC7113 /* Montserrat-Thin.ttf */ = {isa = PBXFileReference; lastKnownFileType = file; name = "Montserrat-Thin.ttf"; path = "../../../../Downloads/Montserrat/static/Montserrat-Thin.ttf"; sourceTree = "<group>"; };
		D12BB42729A58E0100AC7113 /* Montserrat-Light.ttf */ = {isa = PBXFileReference; lastKnownFileType = file; name = "Montserrat-Light.ttf"; path = "../../../../Downloads/Montserrat/static/Montserrat-Light.ttf"; sourceTree = "<group>"; };
		D12BB42829A58E0100AC7113 /* Montserrat-ThinItalic.ttf */ = {isa = PBXFileReference; lastKnownFileType = file; name = "Montserrat-ThinItalic.ttf"; path = "../../../../Downloads/Montserrat/static/Montserrat-ThinItalic.ttf"; sourceTree = "<group>"; };
		D12BB42929A58E0100AC7113 /* Montserrat-ExtraLight.ttf */ = {isa = PBXFileReference; lastKnownFileType = file; name = "Montserrat-ExtraLight.ttf"; path = "../../../../Downloads/Montserrat/static/Montserrat-ExtraLight.ttf"; sourceTree = "<group>"; };
		D12BB42A29A58E0100AC7113 /* Montserrat-Italic.ttf */ = {isa = PBXFileReference; lastKnownFileType = file; name = "Montserrat-Italic.ttf"; path = "../../../../Downloads/Montserrat/static/Montserrat-Italic.ttf"; sourceTree = "<group>"; };
		D12BB42B29A58E0100AC7113 /* Montserrat-BlackItalic.ttf */ = {isa = PBXFileReference; lastKnownFileType = file; name = "Montserrat-BlackItalic.ttf"; path = "../../../../Downloads/Montserrat/static/Montserrat-BlackItalic.ttf"; sourceTree = "<group>"; };
		D12BB42C29A58E0100AC7113 /* Montserrat-MediumItalic.ttf */ = {isa = PBXFileReference; lastKnownFileType = file; name = "Montserrat-MediumItalic.ttf"; path = "../../../../Downloads/Montserrat/static/Montserrat-MediumItalic.ttf"; sourceTree = "<group>"; };
		D12BB42E29A591D200AC7113 /* ContinueView.swift */ = {isa = PBXFileReference; lastKnownFileType = sourcecode.swift; path = ContinueView.swift; sourceTree = "<group>"; };
		D12BB43129A6880900AC7113 /* SignUpView.swift */ = {isa = PBXFileReference; lastKnownFileType = sourcecode.swift; path = SignUpView.swift; sourceTree = "<group>"; };
		D12BB43429A6948A00AC7113 /* LogInView.swift */ = {isa = PBXFileReference; lastKnownFileType = sourcecode.swift; path = LogInView.swift; sourceTree = "<group>"; };
		D12BB43729A6D62000AC7113 /* RegisterView.swift */ = {isa = PBXFileReference; lastKnownFileType = sourcecode.swift; path = RegisterView.swift; sourceTree = "<group>"; };
		D12BB43A29A6DC8400AC7113 /* HomePageView.swift */ = {isa = PBXFileReference; lastKnownFileType = sourcecode.swift; path = HomePageView.swift; sourceTree = "<group>"; };
		D12BB43C29A6EF4000AC7113 /* GoogleService-Info.plist */ = {isa = PBXFileReference; fileEncoding = 4; lastKnownFileType = text.plist.xml; name = "GoogleService-Info.plist"; path = "../../../Downloads/GoogleService-Info.plist"; sourceTree = "<group>"; };
		D12BB44229A6F0F100AC7113 /* AppDelegate.swift */ = {isa = PBXFileReference; lastKnownFileType = sourcecode.swift; path = AppDelegate.swift; sourceTree = "<group>"; };
		D1B6EE7E29A7E0580031337C /* RegisterViewModel.swift */ = {isa = PBXFileReference; lastKnownFileType = sourcecode.swift; path = RegisterViewModel.swift; sourceTree = "<group>"; };
		D1B6EE8029A7F3A30031337C /* LogInViewModel.swift */ = {isa = PBXFileReference; lastKnownFileType = sourcecode.swift; path = LogInViewModel.swift; sourceTree = "<group>"; };
		D1B6EE8229A7F8050031337C /* AppState.swift */ = {isa = PBXFileReference; lastKnownFileType = sourcecode.swift; path = AppState.swift; sourceTree = "<group>"; };
		D1CACAFD2989CD6B00BF4C81 /* EjerciciosWebService.app */ = {isa = PBXFileReference; explicitFileType = wrapper.application; includeInIndex = 0; path = EjerciciosWebService.app; sourceTree = BUILT_PRODUCTS_DIR; };
		D1CACB002989CD6B00BF4C81 /* EjerciciosWebServiceApp.swift */ = {isa = PBXFileReference; lastKnownFileType = sourcecode.swift; path = EjerciciosWebServiceApp.swift; sourceTree = "<group>"; };
		D1CACB042989CD6F00BF4C81 /* Assets.xcassets */ = {isa = PBXFileReference; lastKnownFileType = folder.assetcatalog; path = Assets.xcassets; sourceTree = "<group>"; };
		D1CACB072989CD6F00BF4C81 /* Preview Assets.xcassets */ = {isa = PBXFileReference; lastKnownFileType = folder.assetcatalog; path = "Preview Assets.xcassets"; sourceTree = "<group>"; };
		D1CACB0C2989CD6F00BF4C81 /* EjerciciosWebService.xcdatamodel */ = {isa = PBXFileReference; lastKnownFileType = wrapper.xcdatamodel; path = EjerciciosWebService.xcdatamodel; sourceTree = "<group>"; };
		D1CACB122989CD7000BF4C81 /* EjerciciosWebServiceTests.xctest */ = {isa = PBXFileReference; explicitFileType = wrapper.cfbundle; includeInIndex = 0; path = EjerciciosWebServiceTests.xctest; sourceTree = BUILT_PRODUCTS_DIR; };
		D1CACB162989CD7000BF4C81 /* EjerciciosWebServiceTests.swift */ = {isa = PBXFileReference; lastKnownFileType = sourcecode.swift; path = EjerciciosWebServiceTests.swift; sourceTree = "<group>"; };
		D1CACB1C2989CD7000BF4C81 /* EjerciciosWebServiceUITests.xctest */ = {isa = PBXFileReference; explicitFileType = wrapper.cfbundle; includeInIndex = 0; path = EjerciciosWebServiceUITests.xctest; sourceTree = BUILT_PRODUCTS_DIR; };
		D1CACB202989CD7000BF4C81 /* EjerciciosWebServiceUITests.swift */ = {isa = PBXFileReference; lastKnownFileType = sourcecode.swift; path = EjerciciosWebServiceUITests.swift; sourceTree = "<group>"; };
		D1CACB222989CD7000BF4C81 /* EjerciciosWebServiceUITestsLaunchTests.swift */ = {isa = PBXFileReference; lastKnownFileType = sourcecode.swift; path = EjerciciosWebServiceUITestsLaunchTests.swift; sourceTree = "<group>"; };
/* End PBXFileReference section */

/* Begin PBXFrameworksBuildPhase section */
		D1CACAFA2989CD6B00BF4C81 /* Frameworks */ = {
			isa = PBXFrameworksBuildPhase;
			buildActionMask = 2147483647;
			files = (
				D12BB44029A6EFD000AC7113 /* FirebaseAuth in Frameworks */,
			);
			runOnlyForDeploymentPostprocessing = 0;
		};
		D1CACB0F2989CD7000BF4C81 /* Frameworks */ = {
			isa = PBXFrameworksBuildPhase;
			buildActionMask = 2147483647;
			files = (
			);
			runOnlyForDeploymentPostprocessing = 0;
		};
		D1CACB192989CD7000BF4C81 /* Frameworks */ = {
			isa = PBXFrameworksBuildPhase;
			buildActionMask = 2147483647;
			files = (
			);
			runOnlyForDeploymentPostprocessing = 0;
		};
/* End PBXFrameworksBuildPhase section */

/* Begin PBXGroup section */
		D12BB40029A536BC00AC7113 /* MenuPrincipal */ = {
			isa = PBXGroup;
			children = (
				D12BB40129A536D100AC7113 /* MenuPrincipalView.swift */,
			);
			path = MenuPrincipal;
			sourceTree = "<group>";
		};
		D12BB40329A57E2C00AC7113 /* Views */ = {
			isa = PBXGroup;
			children = (
				D12BB43929A6DC7100AC7113 /* HomePage */,
				D12BB43629A6D60C00AC7113 /* Register */,
				D12BB43329A6946C00AC7113 /* LogIn */,
				D12BB43029A687F100AC7113 /* SignUp */,
				D12BB42D29A591B900AC7113 /* Continue */,
				D12BB40029A536BC00AC7113 /* MenuPrincipal */,
				D12BB40429A57E8500AC7113 /* Componentes.swift */,
			);
			path = Views;
			sourceTree = "<group>";
		};
		D12BB41A29A58D7200AC7113 /* Fonts */ = {
			isa = PBXGroup;
			children = (
				D12BB42129A58E0000AC7113 /* Montserrat-Black.ttf */,
				D12BB42B29A58E0100AC7113 /* Montserrat-BlackItalic.ttf */,
				D12BB41D29A58E0000AC7113 /* Montserrat-Bold.ttf */,
				D12BB41F29A58E0000AC7113 /* Montserrat-BoldItalic.ttf */,
				D12BB42329A58E0000AC7113 /* Montserrat-ExtraBold.ttf */,
				D12BB42029A58E0000AC7113 /* Montserrat-ExtraBoldItalic.ttf */,
				D12BB42929A58E0100AC7113 /* Montserrat-ExtraLight.ttf */,
				D12BB42529A58E0100AC7113 /* Montserrat-ExtraLightItalic.ttf */,
				D12BB42A29A58E0100AC7113 /* Montserrat-Italic.ttf */,
				D12BB42729A58E0100AC7113 /* Montserrat-Light.ttf */,
				D12BB41E29A58E0000AC7113 /* Montserrat-LightItalic.ttf */,
				D12BB41C29A58E0000AC7113 /* Montserrat-Medium.ttf */,
				D12BB42C29A58E0100AC7113 /* Montserrat-MediumItalic.ttf */,
				D12BB41B29A58E0000AC7113 /* Montserrat-Regular.ttf */,
				D12BB42429A58E0100AC7113 /* Montserrat-SemiBold.ttf */,
				D12BB42229A58E0000AC7113 /* Montserrat-SemiBoldItalic.ttf */,
				D12BB42629A58E0100AC7113 /* Montserrat-Thin.ttf */,
				D12BB42829A58E0100AC7113 /* Montserrat-ThinItalic.ttf */,
			);
			path = Fonts;
			sourceTree = "<group>";
		};
		D12BB42D29A591B900AC7113 /* Continue */ = {
			isa = PBXGroup;
			children = (
				D12BB42E29A591D200AC7113 /* ContinueView.swift */,
			);
			path = Continue;
			sourceTree = "<group>";
		};
		D12BB43029A687F100AC7113 /* SignUp */ = {
			isa = PBXGroup;
			children = (
				D12BB43129A6880900AC7113 /* SignUpView.swift */,
			);
			path = SignUp;
			sourceTree = "<group>";
		};
		D12BB43329A6946C00AC7113 /* LogIn */ = {
			isa = PBXGroup;
			children = (
				D12BB43429A6948A00AC7113 /* LogInView.swift */,
				D1B6EE8029A7F3A30031337C /* LogInViewModel.swift */,
			);
			path = LogIn;
			sourceTree = "<group>";
		};
		D12BB43629A6D60C00AC7113 /* Register */ = {
			isa = PBXGroup;
			children = (
				D12BB43729A6D62000AC7113 /* RegisterView.swift */,
				D1B6EE7E29A7E0580031337C /* RegisterViewModel.swift */,
			);
			path = Register;
			sourceTree = "<group>";
		};
		D12BB43929A6DC7100AC7113 /* HomePage */ = {
			isa = PBXGroup;
			children = (
				D12BB43A29A6DC8400AC7113 /* HomePageView.swift */,
			);
			path = HomePage;
			sourceTree = "<group>";
		};
		D12BB44129A6F0D800AC7113 /* App */ = {
			isa = PBXGroup;
			children = (
				D1CACB002989CD6B00BF4C81 /* EjerciciosWebServiceApp.swift */,
				D12BB44229A6F0F100AC7113 /* AppDelegate.swift */,
				D1B6EE8229A7F8050031337C /* AppState.swift */,
			);
			path = App;
			sourceTree = "<group>";
		};
		D1CACAF42989CD6B00BF4C81 = {
			isa = PBXGroup;
			children = (
				D1CACAFF2989CD6B00BF4C81 /* EjerciciosWebService */,
				D1CACB152989CD7000BF4C81 /* EjerciciosWebServiceTests */,
				D1CACB1F2989CD7000BF4C81 /* EjerciciosWebServiceUITests */,
				D1CACAFE2989CD6B00BF4C81 /* Products */,
			);
			sourceTree = "<group>";
		};
		D1CACAFE2989CD6B00BF4C81 /* Products */ = {
			isa = PBXGroup;
			children = (
				D1CACAFD2989CD6B00BF4C81 /* EjerciciosWebService.app */,
				D1CACB122989CD7000BF4C81 /* EjerciciosWebServiceTests.xctest */,
				D1CACB1C2989CD7000BF4C81 /* EjerciciosWebServiceUITests.xctest */,
			);
			name = Products;
			sourceTree = "<group>";
		};
		D1CACAFF2989CD6B00BF4C81 /* EjerciciosWebService */ = {
			isa = PBXGroup;
			children = (
				D12BB44129A6F0D800AC7113 /* App */,
				D12BB43C29A6EF4000AC7113 /* GoogleService-Info.plist */,
				D12BB41A29A58D7200AC7113 /* Fonts */,
				D12BB40629A585BE00AC7113 /* Info.plist */,
				D12BB40329A57E2C00AC7113 /* Views */,
				D1CACB042989CD6F00BF4C81 /* Assets.xcassets */,
				D1CACB0B2989CD6F00BF4C81 /* EjerciciosWebService.xcdatamodeld */,
				D1CACB062989CD6F00BF4C81 /* Preview Content */,
			);
			path = EjerciciosWebService;
			sourceTree = "<group>";
		};
		D1CACB062989CD6F00BF4C81 /* Preview Content */ = {
			isa = PBXGroup;
			children = (
				D1CACB072989CD6F00BF4C81 /* Preview Assets.xcassets */,
			);
			path = "Preview Content";
			sourceTree = "<group>";
		};
		D1CACB152989CD7000BF4C81 /* EjerciciosWebServiceTests */ = {
			isa = PBXGroup;
			children = (
				D1CACB162989CD7000BF4C81 /* EjerciciosWebServiceTests.swift */,
			);
			path = EjerciciosWebServiceTests;
			sourceTree = "<group>";
		};
		D1CACB1F2989CD7000BF4C81 /* EjerciciosWebServiceUITests */ = {
			isa = PBXGroup;
			children = (
				D1CACB202989CD7000BF4C81 /* EjerciciosWebServiceUITests.swift */,
				D1CACB222989CD7000BF4C81 /* EjerciciosWebServiceUITestsLaunchTests.swift */,
			);
			path = EjerciciosWebServiceUITests;
			sourceTree = "<group>";
		};
/* End PBXGroup section */

/* Begin PBXNativeTarget section */
		D1CACAFC2989CD6B00BF4C81 /* EjerciciosWebService */ = {
			isa = PBXNativeTarget;
			buildConfigurationList = D1CACB262989CD7000BF4C81 /* Build configuration list for PBXNativeTarget "EjerciciosWebService" */;
			buildPhases = (
				D1CACAF92989CD6B00BF4C81 /* Sources */,
				D1CACAFA2989CD6B00BF4C81 /* Frameworks */,
				D1CACAFB2989CD6B00BF4C81 /* Resources */,
			);
			buildRules = (
			);
			dependencies = (
			);
			name = EjerciciosWebService;
			packageProductDependencies = (
				D12BB43F29A6EFD000AC7113 /* FirebaseAuth */,
			);
			productName = EjerciciosWebService;
			productReference = D1CACAFD2989CD6B00BF4C81 /* EjerciciosWebService.app */;
			productType = "com.apple.product-type.application";
		};
		D1CACB112989CD7000BF4C81 /* EjerciciosWebServiceTests */ = {
			isa = PBXNativeTarget;
			buildConfigurationList = D1CACB292989CD7000BF4C81 /* Build configuration list for PBXNativeTarget "EjerciciosWebServiceTests" */;
			buildPhases = (
				D1CACB0E2989CD7000BF4C81 /* Sources */,
				D1CACB0F2989CD7000BF4C81 /* Frameworks */,
				D1CACB102989CD7000BF4C81 /* Resources */,
			);
			buildRules = (
			);
			dependencies = (
				D1CACB142989CD7000BF4C81 /* PBXTargetDependency */,
			);
			name = EjerciciosWebServiceTests;
			productName = EjerciciosWebServiceTests;
			productReference = D1CACB122989CD7000BF4C81 /* EjerciciosWebServiceTests.xctest */;
			productType = "com.apple.product-type.bundle.unit-test";
		};
		D1CACB1B2989CD7000BF4C81 /* EjerciciosWebServiceUITests */ = {
			isa = PBXNativeTarget;
			buildConfigurationList = D1CACB2C2989CD7000BF4C81 /* Build configuration list for PBXNativeTarget "EjerciciosWebServiceUITests" */;
			buildPhases = (
				D1CACB182989CD7000BF4C81 /* Sources */,
				D1CACB192989CD7000BF4C81 /* Frameworks */,
				D1CACB1A2989CD7000BF4C81 /* Resources */,
			);
			buildRules = (
			);
			dependencies = (
				D1CACB1E2989CD7000BF4C81 /* PBXTargetDependency */,
			);
			name = EjerciciosWebServiceUITests;
			productName = EjerciciosWebServiceUITests;
			productReference = D1CACB1C2989CD7000BF4C81 /* EjerciciosWebServiceUITests.xctest */;
			productType = "com.apple.product-type.bundle.ui-testing";
		};
/* End PBXNativeTarget section */

/* Begin PBXProject section */
		D1CACAF52989CD6B00BF4C81 /* Project object */ = {
			isa = PBXProject;
			attributes = {
				BuildIndependentTargetsInParallel = 1;
				LastSwiftUpdateCheck = 1420;
				LastUpgradeCheck = 1420;
				TargetAttributes = {
					D1CACAFC2989CD6B00BF4C81 = {
						CreatedOnToolsVersion = 14.2;
					};
					D1CACB112989CD7000BF4C81 = {
						CreatedOnToolsVersion = 14.2;
						TestTargetID = D1CACAFC2989CD6B00BF4C81;
					};
					D1CACB1B2989CD7000BF4C81 = {
						CreatedOnToolsVersion = 14.2;
						TestTargetID = D1CACAFC2989CD6B00BF4C81;
					};
				};
			};
			buildConfigurationList = D1CACAF82989CD6B00BF4C81 /* Build configuration list for PBXProject "EjerciciosWebService" */;
			compatibilityVersion = "Xcode 14.0";
			developmentRegion = en;
			hasScannedForEncodings = 0;
			knownRegions = (
				en,
				Base,
			);
			mainGroup = D1CACAF42989CD6B00BF4C81;
			packageReferences = (
				D12BB43E29A6EFD000AC7113 /* XCRemoteSwiftPackageReference "firebase-ios-sdk" */,
			);
			productRefGroup = D1CACAFE2989CD6B00BF4C81 /* Products */;
			projectDirPath = "";
			projectRoot = "";
			targets = (
				D1CACAFC2989CD6B00BF4C81 /* EjerciciosWebService */,
				D1CACB112989CD7000BF4C81 /* EjerciciosWebServiceTests */,
				D1CACB1B2989CD7000BF4C81 /* EjerciciosWebServiceUITests */,
			);
		};
/* End PBXProject section */

/* Begin PBXResourcesBuildPhase section */
		D1CACAFB2989CD6B00BF4C81 /* Resources */ = {
			isa = PBXResourcesBuildPhase;
			buildActionMask = 2147483647;
			files = (
				D1CACB082989CD6F00BF4C81 /* Preview Assets.xcassets in Resources */,
				D1CACB052989CD6F00BF4C81 /* Assets.xcassets in Resources */,
				D12BB43D29A6EF4100AC7113 /* GoogleService-Info.plist in Resources */,
			);
			runOnlyForDeploymentPostprocessing = 0;
		};
		D1CACB102989CD7000BF4C81 /* Resources */ = {
			isa = PBXResourcesBuildPhase;
			buildActionMask = 2147483647;
			files = (
			);
			runOnlyForDeploymentPostprocessing = 0;
		};
		D1CACB1A2989CD7000BF4C81 /* Resources */ = {
			isa = PBXResourcesBuildPhase;
			buildActionMask = 2147483647;
			files = (
			);
			runOnlyForDeploymentPostprocessing = 0;
		};
/* End PBXResourcesBuildPhase section */

/* Begin PBXSourcesBuildPhase section */
		D1CACAF92989CD6B00BF4C81 /* Sources */ = {
			isa = PBXSourcesBuildPhase;
			buildActionMask = 2147483647;
			files = (
				D12BB42F29A591D200AC7113 /* ContinueView.swift in Sources */,
				D12BB43529A6948A00AC7113 /* LogInView.swift in Sources */,
				D1CACB0D2989CD6F00BF4C81 /* EjerciciosWebService.xcdatamodeld in Sources */,
				D1CACB012989CD6B00BF4C81 /* EjerciciosWebServiceApp.swift in Sources */,
				D1B6EE8129A7F3A30031337C /* LogInViewModel.swift in Sources */,
				D1B6EE7F29A7E0580031337C /* RegisterViewModel.swift in Sources */,
				D12BB40229A536D100AC7113 /* MenuPrincipalView.swift in Sources */,
				D12BB43829A6D62000AC7113 /* RegisterView.swift in Sources */,
				D12BB43229A6880900AC7113 /* SignUpView.swift in Sources */,
				D12BB43B29A6DC8400AC7113 /* HomePageView.swift in Sources */,
				D1B6EE8329A7F8050031337C /* AppState.swift in Sources */,
				D12BB44329A6F0F100AC7113 /* AppDelegate.swift in Sources */,
				D12BB40529A57E8500AC7113 /* Componentes.swift in Sources */,
			);
			runOnlyForDeploymentPostprocessing = 0;
		};
		D1CACB0E2989CD7000BF4C81 /* Sources */ = {
			isa = PBXSourcesBuildPhase;
			buildActionMask = 2147483647;
			files = (
				D1CACB172989CD7000BF4C81 /* EjerciciosWebServiceTests.swift in Sources */,
			);
			runOnlyForDeploymentPostprocessing = 0;
		};
		D1CACB182989CD7000BF4C81 /* Sources */ = {
			isa = PBXSourcesBuildPhase;
			buildActionMask = 2147483647;
			files = (
				D1CACB212989CD7000BF4C81 /* EjerciciosWebServiceUITests.swift in Sources */,
				D1CACB232989CD7000BF4C81 /* EjerciciosWebServiceUITestsLaunchTests.swift in Sources */,
			);
			runOnlyForDeploymentPostprocessing = 0;
		};
/* End PBXSourcesBuildPhase section */

/* Begin PBXTargetDependency section */
		D1CACB142989CD7000BF4C81 /* PBXTargetDependency */ = {
			isa = PBXTargetDependency;
			target = D1CACAFC2989CD6B00BF4C81 /* EjerciciosWebService */;
			targetProxy = D1CACB132989CD7000BF4C81 /* PBXContainerItemProxy */;
		};
		D1CACB1E2989CD7000BF4C81 /* PBXTargetDependency */ = {
			isa = PBXTargetDependency;
			target = D1CACAFC2989CD6B00BF4C81 /* EjerciciosWebService */;
			targetProxy = D1CACB1D2989CD7000BF4C81 /* PBXContainerItemProxy */;
		};
/* End PBXTargetDependency section */

/* Begin XCBuildConfiguration section */
		D1CACB242989CD7000BF4C81 /* Debug */ = {
			isa = XCBuildConfiguration;
			buildSettings = {
				ALWAYS_SEARCH_USER_PATHS = NO;
				CLANG_ANALYZER_NONNULL = YES;
				CLANG_ANALYZER_NUMBER_OBJECT_CONVERSION = YES_AGGRESSIVE;
				CLANG_CXX_LANGUAGE_STANDARD = "gnu++20";
				CLANG_ENABLE_MODULES = YES;
				CLANG_ENABLE_OBJC_ARC = YES;
				CLANG_ENABLE_OBJC_WEAK = YES;
				CLANG_WARN_BLOCK_CAPTURE_AUTORELEASING = YES;
				CLANG_WARN_BOOL_CONVERSION = YES;
				CLANG_WARN_COMMA = YES;
				CLANG_WARN_CONSTANT_CONVERSION = YES;
				CLANG_WARN_DEPRECATED_OBJC_IMPLEMENTATIONS = YES;
				CLANG_WARN_DIRECT_OBJC_ISA_USAGE = YES_ERROR;
				CLANG_WARN_DOCUMENTATION_COMMENTS = YES;
				CLANG_WARN_EMPTY_BODY = YES;
				CLANG_WARN_ENUM_CONVERSION = YES;
				CLANG_WARN_INFINITE_RECURSION = YES;
				CLANG_WARN_INT_CONVERSION = YES;
				CLANG_WARN_NON_LITERAL_NULL_CONVERSION = YES;
				CLANG_WARN_OBJC_IMPLICIT_RETAIN_SELF = YES;
				CLANG_WARN_OBJC_LITERAL_CONVERSION = YES;
				CLANG_WARN_OBJC_ROOT_CLASS = YES_ERROR;
				CLANG_WARN_QUOTED_INCLUDE_IN_FRAMEWORK_HEADER = YES;
				CLANG_WARN_RANGE_LOOP_ANALYSIS = YES;
				CLANG_WARN_STRICT_PROTOTYPES = YES;
				CLANG_WARN_SUSPICIOUS_MOVE = YES;
				CLANG_WARN_UNGUARDED_AVAILABILITY = YES_AGGRESSIVE;
				CLANG_WARN_UNREACHABLE_CODE = YES;
				CLANG_WARN__DUPLICATE_METHOD_MATCH = YES;
				COPY_PHASE_STRIP = NO;
				DEBUG_INFORMATION_FORMAT = dwarf;
				ENABLE_STRICT_OBJC_MSGSEND = YES;
				ENABLE_TESTABILITY = YES;
				GCC_C_LANGUAGE_STANDARD = gnu11;
				GCC_DYNAMIC_NO_PIC = NO;
				GCC_NO_COMMON_BLOCKS = YES;
				GCC_OPTIMIZATION_LEVEL = 0;
				GCC_PREPROCESSOR_DEFINITIONS = (
					"DEBUG=1",
					"$(inherited)",
				);
				GCC_WARN_64_TO_32_BIT_CONVERSION = YES;
				GCC_WARN_ABOUT_RETURN_TYPE = YES_ERROR;
				GCC_WARN_UNDECLARED_SELECTOR = YES;
				GCC_WARN_UNINITIALIZED_AUTOS = YES_AGGRESSIVE;
				GCC_WARN_UNUSED_FUNCTION = YES;
				GCC_WARN_UNUSED_VARIABLE = YES;
				IPHONEOS_DEPLOYMENT_TARGET = 16.2;
				MTL_ENABLE_DEBUG_INFO = INCLUDE_SOURCE;
				MTL_FAST_MATH = YES;
				ONLY_ACTIVE_ARCH = YES;
				SDKROOT = iphoneos;
				SWIFT_ACTIVE_COMPILATION_CONDITIONS = DEBUG;
				SWIFT_OPTIMIZATION_LEVEL = "-Onone";
			};
			name = Debug;
		};
		D1CACB252989CD7000BF4C81 /* Release */ = {
			isa = XCBuildConfiguration;
			buildSettings = {
				ALWAYS_SEARCH_USER_PATHS = NO;
				CLANG_ANALYZER_NONNULL = YES;
				CLANG_ANALYZER_NUMBER_OBJECT_CONVERSION = YES_AGGRESSIVE;
				CLANG_CXX_LANGUAGE_STANDARD = "gnu++20";
				CLANG_ENABLE_MODULES = YES;
				CLANG_ENABLE_OBJC_ARC = YES;
				CLANG_ENABLE_OBJC_WEAK = YES;
				CLANG_WARN_BLOCK_CAPTURE_AUTORELEASING = YES;
				CLANG_WARN_BOOL_CONVERSION = YES;
				CLANG_WARN_COMMA = YES;
				CLANG_WARN_CONSTANT_CONVERSION = YES;
				CLANG_WARN_DEPRECATED_OBJC_IMPLEMENTATIONS = YES;
				CLANG_WARN_DIRECT_OBJC_ISA_USAGE = YES_ERROR;
				CLANG_WARN_DOCUMENTATION_COMMENTS = YES;
				CLANG_WARN_EMPTY_BODY = YES;
				CLANG_WARN_ENUM_CONVERSION = YES;
				CLANG_WARN_INFINITE_RECURSION = YES;
				CLANG_WARN_INT_CONVERSION = YES;
				CLANG_WARN_NON_LITERAL_NULL_CONVERSION = YES;
				CLANG_WARN_OBJC_IMPLICIT_RETAIN_SELF = YES;
				CLANG_WARN_OBJC_LITERAL_CONVERSION = YES;
				CLANG_WARN_OBJC_ROOT_CLASS = YES_ERROR;
				CLANG_WARN_QUOTED_INCLUDE_IN_FRAMEWORK_HEADER = YES;
				CLANG_WARN_RANGE_LOOP_ANALYSIS = YES;
				CLANG_WARN_STRICT_PROTOTYPES = YES;
				CLANG_WARN_SUSPICIOUS_MOVE = YES;
				CLANG_WARN_UNGUARDED_AVAILABILITY = YES_AGGRESSIVE;
				CLANG_WARN_UNREACHABLE_CODE = YES;
				CLANG_WARN__DUPLICATE_METHOD_MATCH = YES;
				COPY_PHASE_STRIP = NO;
				DEBUG_INFORMATION_FORMAT = "dwarf-with-dsym";
				ENABLE_NS_ASSERTIONS = NO;
				ENABLE_STRICT_OBJC_MSGSEND = YES;
				GCC_C_LANGUAGE_STANDARD = gnu11;
				GCC_NO_COMMON_BLOCKS = YES;
				GCC_WARN_64_TO_32_BIT_CONVERSION = YES;
				GCC_WARN_ABOUT_RETURN_TYPE = YES_ERROR;
				GCC_WARN_UNDECLARED_SELECTOR = YES;
				GCC_WARN_UNINITIALIZED_AUTOS = YES_AGGRESSIVE;
				GCC_WARN_UNUSED_FUNCTION = YES;
				GCC_WARN_UNUSED_VARIABLE = YES;
				IPHONEOS_DEPLOYMENT_TARGET = 16.2;
				MTL_ENABLE_DEBUG_INFO = NO;
				MTL_FAST_MATH = YES;
				SDKROOT = iphoneos;
				SWIFT_COMPILATION_MODE = wholemodule;
				SWIFT_OPTIMIZATION_LEVEL = "-O";
				VALIDATE_PRODUCT = YES;
			};
			name = Release;
		};
		D1CACB272989CD7000BF4C81 /* Debug */ = {
			isa = XCBuildConfiguration;
			buildSettings = {
				ASSETCATALOG_COMPILER_APPICON_NAME = AppIcon;
				ASSETCATALOG_COMPILER_GLOBAL_ACCENT_COLOR_NAME = AccentColor;
				CODE_SIGN_STYLE = Automatic;
				CURRENT_PROJECT_VERSION = 1;
				DEVELOPMENT_ASSET_PATHS = "\"EjerciciosWebService/Preview Content\"";
				DEVELOPMENT_TEAM = H9JXH336V5;
				ENABLE_PREVIEWS = YES;
				GENERATE_INFOPLIST_FILE = YES;
				INFOPLIST_FILE = EjerciciosWebService/Info.plist;
				INFOPLIST_KEY_UIApplicationSceneManifest_Generation = YES;
				INFOPLIST_KEY_UIApplicationSupportsIndirectInputEvents = YES;
				INFOPLIST_KEY_UISupportedInterfaceOrientations_iPad = "UIInterfaceOrientationPortrait UIInterfaceOrientationPortraitUpsideDown UIInterfaceOrientationLandscapeLeft UIInterfaceOrientationLandscapeRight";
				INFOPLIST_KEY_UISupportedInterfaceOrientations_iPhone = "UIInterfaceOrientationPortrait UIInterfaceOrientationLandscapeLeft UIInterfaceOrientationLandscapeRight";
				LD_RUNPATH_SEARCH_PATHS = (
					"$(inherited)",
					"@executable_path/Frameworks",
				);
				MARKETING_VERSION = 1.0;
				PRODUCT_BUNDLE_IDENTIFIER = com.laclave.EjerciciosWebService;
				PRODUCT_NAME = "$(TARGET_NAME)";
				SWIFT_EMIT_LOC_STRINGS = YES;
				SWIFT_VERSION = 5.0;
				TARGETED_DEVICE_FAMILY = "1,2";
			};
			name = Debug;
		};
		D1CACB282989CD7000BF4C81 /* Release */ = {
			isa = XCBuildConfiguration;
			buildSettings = {
				ASSETCATALOG_COMPILER_APPICON_NAME = AppIcon;
				ASSETCATALOG_COMPILER_GLOBAL_ACCENT_COLOR_NAME = AccentColor;
				CODE_SIGN_STYLE = Automatic;
				CURRENT_PROJECT_VERSION = 1;
				DEVELOPMENT_ASSET_PATHS = "\"EjerciciosWebService/Preview Content\"";
				DEVELOPMENT_TEAM = H9JXH336V5;
				ENABLE_PREVIEWS = YES;
				GENERATE_INFOPLIST_FILE = YES;
				INFOPLIST_FILE = EjerciciosWebService/Info.plist;
				INFOPLIST_KEY_UIApplicationSceneManifest_Generation = YES;
				INFOPLIST_KEY_UIApplicationSupportsIndirectInputEvents = YES;
				INFOPLIST_KEY_UISupportedInterfaceOrientations_iPad = "UIInterfaceOrientationPortrait UIInterfaceOrientationPortraitUpsideDown UIInterfaceOrientationLandscapeLeft UIInterfaceOrientationLandscapeRight";
				INFOPLIST_KEY_UISupportedInterfaceOrientations_iPhone = "UIInterfaceOrientationPortrait UIInterfaceOrientationLandscapeLeft UIInterfaceOrientationLandscapeRight";
				LD_RUNPATH_SEARCH_PATHS = (
					"$(inherited)",
					"@executable_path/Frameworks",
				);
				MARKETING_VERSION = 1.0;
				PRODUCT_BUNDLE_IDENTIFIER = com.laclave.EjerciciosWebService;
				PRODUCT_NAME = "$(TARGET_NAME)";
				SWIFT_EMIT_LOC_STRINGS = YES;
				SWIFT_VERSION = 5.0;
				TARGETED_DEVICE_FAMILY = "1,2";
			};
			name = Release;
		};
		D1CACB2A2989CD7000BF4C81 /* Debug */ = {
			isa = XCBuildConfiguration;
			buildSettings = {
				ALWAYS_EMBED_SWIFT_STANDARD_LIBRARIES = YES;
				BUNDLE_LOADER = "$(TEST_HOST)";
				CODE_SIGN_STYLE = Automatic;
				CURRENT_PROJECT_VERSION = 1;
				DEVELOPMENT_TEAM = H9JXH336V5;
				GENERATE_INFOPLIST_FILE = YES;
				IPHONEOS_DEPLOYMENT_TARGET = 16.2;
				MARKETING_VERSION = 1.0;
				PRODUCT_BUNDLE_IDENTIFIER = com.laclave.EjerciciosWebServiceTests;
				PRODUCT_NAME = "$(TARGET_NAME)";
				SWIFT_EMIT_LOC_STRINGS = NO;
				SWIFT_VERSION = 5.0;
				TARGETED_DEVICE_FAMILY = "1,2";
				TEST_HOST = "$(BUILT_PRODUCTS_DIR)/EjerciciosWebService.app/$(BUNDLE_EXECUTABLE_FOLDER_PATH)/EjerciciosWebService";
			};
			name = Debug;
		};
		D1CACB2B2989CD7000BF4C81 /* Release */ = {
			isa = XCBuildConfiguration;
			buildSettings = {
				ALWAYS_EMBED_SWIFT_STANDARD_LIBRARIES = YES;
				BUNDLE_LOADER = "$(TEST_HOST)";
				CODE_SIGN_STYLE = Automatic;
				CURRENT_PROJECT_VERSION = 1;
				DEVELOPMENT_TEAM = H9JXH336V5;
				GENERATE_INFOPLIST_FILE = YES;
				IPHONEOS_DEPLOYMENT_TARGET = 16.2;
				MARKETING_VERSION = 1.0;
				PRODUCT_BUNDLE_IDENTIFIER = com.laclave.EjerciciosWebServiceTests;
				PRODUCT_NAME = "$(TARGET_NAME)";
				SWIFT_EMIT_LOC_STRINGS = NO;
				SWIFT_VERSION = 5.0;
				TARGETED_DEVICE_FAMILY = "1,2";
				TEST_HOST = "$(BUILT_PRODUCTS_DIR)/EjerciciosWebService.app/$(BUNDLE_EXECUTABLE_FOLDER_PATH)/EjerciciosWebService";
			};
			name = Release;
		};
		D1CACB2D2989CD7000BF4C81 /* Debug */ = {
			isa = XCBuildConfiguration;
			buildSettings = {
				ALWAYS_EMBED_SWIFT_STANDARD_LIBRARIES = YES;
				CODE_SIGN_STYLE = Automatic;
				CURRENT_PROJECT_VERSION = 1;
				DEVELOPMENT_TEAM = H9JXH336V5;
				GENERATE_INFOPLIST_FILE = YES;
				MARKETING_VERSION = 1.0;
				PRODUCT_BUNDLE_IDENTIFIER = com.laclave.EjerciciosWebServiceUITests;
				PRODUCT_NAME = "$(TARGET_NAME)";
				SWIFT_EMIT_LOC_STRINGS = NO;
				SWIFT_VERSION = 5.0;
				TARGETED_DEVICE_FAMILY = "1,2";
				TEST_TARGET_NAME = EjerciciosWebService;
			};
			name = Debug;
		};
		D1CACB2E2989CD7000BF4C81 /* Release */ = {
			isa = XCBuildConfiguration;
			buildSettings = {
				ALWAYS_EMBED_SWIFT_STANDARD_LIBRARIES = YES;
				CODE_SIGN_STYLE = Automatic;
				CURRENT_PROJECT_VERSION = 1;
				DEVELOPMENT_TEAM = H9JXH336V5;
				GENERATE_INFOPLIST_FILE = YES;
				MARKETING_VERSION = 1.0;
				PRODUCT_BUNDLE_IDENTIFIER = com.laclave.EjerciciosWebServiceUITests;
				PRODUCT_NAME = "$(TARGET_NAME)";
				SWIFT_EMIT_LOC_STRINGS = NO;
				SWIFT_VERSION = 5.0;
				TARGETED_DEVICE_FAMILY = "1,2";
				TEST_TARGET_NAME = EjerciciosWebService;
			};
			name = Release;
		};
/* End XCBuildConfiguration section */

/* Begin XCConfigurationList section */
		D1CACAF82989CD6B00BF4C81 /* Build configuration list for PBXProject "EjerciciosWebService" */ = {
			isa = XCConfigurationList;
			buildConfigurations = (
				D1CACB242989CD7000BF4C81 /* Debug */,
				D1CACB252989CD7000BF4C81 /* Release */,
			);
			defaultConfigurationIsVisible = 0;
			defaultConfigurationName = Release;
		};
		D1CACB262989CD7000BF4C81 /* Build configuration list for PBXNativeTarget "EjerciciosWebService" */ = {
			isa = XCConfigurationList;
			buildConfigurations = (
				D1CACB272989CD7000BF4C81 /* Debug */,
				D1CACB282989CD7000BF4C81 /* Release */,
			);
			defaultConfigurationIsVisible = 0;
			defaultConfigurationName = Release;
		};
		D1CACB292989CD7000BF4C81 /* Build configuration list for PBXNativeTarget "EjerciciosWebServiceTests" */ = {
			isa = XCConfigurationList;
			buildConfigurations = (
				D1CACB2A2989CD7000BF4C81 /* Debug */,
				D1CACB2B2989CD7000BF4C81 /* Release */,
			);
			defaultConfigurationIsVisible = 0;
			defaultConfigurationName = Release;
		};
		D1CACB2C2989CD7000BF4C81 /* Build configuration list for PBXNativeTarget "EjerciciosWebServiceUITests" */ = {
			isa = XCConfigurationList;
			buildConfigurations = (
				D1CACB2D2989CD7000BF4C81 /* Debug */,
				D1CACB2E2989CD7000BF4C81 /* Release */,
			);
			defaultConfigurationIsVisible = 0;
			defaultConfigurationName = Release;
		};
/* End XCConfigurationList section */

/* Begin XCRemoteSwiftPackageReference section */
		D12BB43E29A6EFD000AC7113 /* XCRemoteSwiftPackageReference "firebase-ios-sdk" */ = {
			isa = XCRemoteSwiftPackageReference;
			repositoryURL = "https://github.com/firebase/firebase-ios-sdk";
			requirement = {
				kind = upToNextMajorVersion;
				minimumVersion = 9.0.0;
			};
		};
/* End XCRemoteSwiftPackageReference section */

/* Begin XCSwiftPackageProductDependency section */
		D12BB43F29A6EFD000AC7113 /* FirebaseAuth */ = {
			isa = XCSwiftPackageProductDependency;
			package = D12BB43E29A6EFD000AC7113 /* XCRemoteSwiftPackageReference "firebase-ios-sdk" */;
			productName = FirebaseAuth;
		};
/* End XCSwiftPackageProductDependency section */

/* Begin XCVersionGroup section */
		D1CACB0B2989CD6F00BF4C81 /* EjerciciosWebService.xcdatamodeld */ = {
			isa = XCVersionGroup;
			children = (
				D1CACB0C2989CD6F00BF4C81 /* EjerciciosWebService.xcdatamodel */,
			);
			currentVersion = D1CACB0C2989CD6F00BF4C81 /* EjerciciosWebService.xcdatamodel */;
			path = EjerciciosWebService.xcdatamodeld;
			sourceTree = "<group>";
			versionGroupType = wrapper.xcdatamodel;
		};
/* End XCVersionGroup section */
	};
	rootObject = D1CACAF52989CD6B00BF4C81 /* Project object */;
}
