// !$*UTF8*$!
{
	archiveVersion = 1;
	classes = {
	};
	objectVersion = 56;
	objects = {

/* Begin PBXBuildFile section */
		D14682A0299C3BE0009CEC53 /* Gilroy-Light.otf in Resources */ = {isa = PBXBuildFile; fileRef = D146829F299C3BE0009CEC53 /* Gilroy-Light.otf */; };
		D14682A2299C3BF5009CEC53 /* Gilroy-ExtraBold.otf in Resources */ = {isa = PBXBuildFile; fileRef = D14682A1299C3BF5009CEC53 /* Gilroy-ExtraBold.otf */; };
		D1670024299DAF78006D0E10 /* Componente.swift in Sources */ = {isa = PBXBuildFile; fileRef = D1670023299DAF78006D0E10 /* Componente.swift */; };
		D1670027299ECE86006D0E10 /* PutEspeciasResponse.swift in Sources */ = {isa = PBXBuildFile; fileRef = D1670026299ECE86006D0E10 /* PutEspeciasResponse.swift */; };
		D1670029299ECEA9006D0E10 /* PutEspeciasRequest.swift in Sources */ = {isa = PBXBuildFile; fileRef = D1670028299ECEA9006D0E10 /* PutEspeciasRequest.swift */; };
		D167002B299ECEC3006D0E10 /* PostEspeciasResponse.swift in Sources */ = {isa = PBXBuildFile; fileRef = D167002A299ECEC3006D0E10 /* PostEspeciasResponse.swift */; };
		D167002D299ECED6006D0E10 /* PostEspeciasRequest.swift in Sources */ = {isa = PBXBuildFile; fileRef = D167002C299ECED6006D0E10 /* PostEspeciasRequest.swift */; };
		D167002F299ECEFF006D0E10 /* GetEspeciasResponse.swift in Sources */ = {isa = PBXBuildFile; fileRef = D167002E299ECEFF006D0E10 /* GetEspeciasResponse.swift */; };
		D1670031299ECF14006D0E10 /* DeleteEspeciasResponse.swift in Sources */ = {isa = PBXBuildFile; fileRef = D1670030299ECF14006D0E10 /* DeleteEspeciasResponse.swift */; };
		D1670033299ECF2B006D0E10 /* DeleteEspeciasRequest.swift in Sources */ = {isa = PBXBuildFile; fileRef = D1670032299ECF2B006D0E10 /* DeleteEspeciasRequest.swift */; };
		D1670036299ED192006D0E10 /* Alamofire in Frameworks */ = {isa = PBXBuildFile; productRef = D1670035299ED192006D0E10 /* Alamofire */; };
		D1670039299ED19D006D0E10 /* Kingfisher in Frameworks */ = {isa = PBXBuildFile; productRef = D1670038299ED19D006D0E10 /* Kingfisher */; };
		D167003B299EDE4D006D0E10 /* SharedViewModel.swift in Sources */ = {isa = PBXBuildFile; fileRef = D167003A299EDE4D006D0E10 /* SharedViewModel.swift */; };
		D16CF18E299EFD1500EE0E56 /* InfoView.swift in Sources */ = {isa = PBXBuildFile; fileRef = D16CF18D299EFD1500EE0E56 /* InfoView.swift */; };
		D16CF191299EFD7700EE0E56 /* LikesView.swift in Sources */ = {isa = PBXBuildFile; fileRef = D16CF190299EFD7700EE0E56 /* LikesView.swift */; };
		D16CF194299EFF6D00EE0E56 /* ComprasView.swift in Sources */ = {isa = PBXBuildFile; fileRef = D16CF193299EFF6D00EE0E56 /* ComprasView.swift */; };
		D16CF197299EFF8B00EE0E56 /* PerfilView.swift in Sources */ = {isa = PBXBuildFile; fileRef = D16CF196299EFF8B00EE0E56 /* PerfilView.swift */; };
		D16CF19A299F0B3C00EE0E56 /* EspeciasDescripcionView.swift in Sources */ = {isa = PBXBuildFile; fileRef = D16CF199299F0B3C00EE0E56 /* EspeciasDescripcionView.swift */; };
		D16CF19D29A1B10700EE0E56 /* GoogleService-Info.plist in Resources */ = {isa = PBXBuildFile; fileRef = D16CF19C29A1B10700EE0E56 /* GoogleService-Info.plist */; };
		D16CF1A029A1B2BB00EE0E56 /* FirebaseAuth in Frameworks */ = {isa = PBXBuildFile; productRef = D16CF19F29A1B2BB00EE0E56 /* FirebaseAuth */; };
		D16CF1A229A1B44200EE0E56 /* AppDelegate.swift in Sources */ = {isa = PBXBuildFile; fileRef = D16CF1A129A1B44200EE0E56 /* AppDelegate.swift */; };
		D187DBD5299D5D6700A197EA /* LoginView.swift in Sources */ = {isa = PBXBuildFile; fileRef = D187DBD4299D5D6700A197EA /* LoginView.swift */; };
		D187DBD7299D5D7A00A197EA /* LoginViewModel.swift in Sources */ = {isa = PBXBuildFile; fileRef = D187DBD6299D5D7A00A197EA /* LoginViewModel.swift */; };
		D187DBDA299D8CFA00A197EA /* SignUpView.swift in Sources */ = {isa = PBXBuildFile; fileRef = D187DBD9299D8CFA00A197EA /* SignUpView.swift */; };
		D187DBDC299D8D1700A197EA /* SignUpViewModel.swift in Sources */ = {isa = PBXBuildFile; fileRef = D187DBDB299D8D1700A197EA /* SignUpViewModel.swift */; };
		D187DBDF299D9E2B00A197EA /* VerEspeciasView.swift in Sources */ = {isa = PBXBuildFile; fileRef = D187DBDE299D9E2B00A197EA /* VerEspeciasView.swift */; };
		D187DBE1299D9E3C00A197EA /* VerEspeciasViewModel.swift in Sources */ = {isa = PBXBuildFile; fileRef = D187DBE0299D9E3C00A197EA /* VerEspeciasViewModel.swift */; };
		D1B63701299AFBED00DCB75D /* MenuPrincipalView.swift in Sources */ = {isa = PBXBuildFile; fileRef = D1B63700299AFBED00DCB75D /* MenuPrincipalView.swift */; };
		D1CACB012989CD6B00BF4C81 /* EjerciciosWebServiceApp.swift in Sources */ = {isa = PBXBuildFile; fileRef = D1CACB002989CD6B00BF4C81 /* EjerciciosWebServiceApp.swift */; };
		D1CACB052989CD6F00BF4C81 /* Assets.xcassets in Resources */ = {isa = PBXBuildFile; fileRef = D1CACB042989CD6F00BF4C81 /* Assets.xcassets */; };
		D1CACB082989CD6F00BF4C81 /* Preview Assets.xcassets in Resources */ = {isa = PBXBuildFile; fileRef = D1CACB072989CD6F00BF4C81 /* Preview Assets.xcassets */; };
		D1CACB0D2989CD6F00BF4C81 /* EjerciciosWebService.xcdatamodeld in Sources */ = {isa = PBXBuildFile; fileRef = D1CACB0B2989CD6F00BF4C81 /* EjerciciosWebService.xcdatamodeld */; };
		D1CACB172989CD7000BF4C81 /* EjerciciosWebServiceTests.swift in Sources */ = {isa = PBXBuildFile; fileRef = D1CACB162989CD7000BF4C81 /* EjerciciosWebServiceTests.swift */; };
		D1CACB212989CD7000BF4C81 /* EjerciciosWebServiceUITests.swift in Sources */ = {isa = PBXBuildFile; fileRef = D1CACB202989CD7000BF4C81 /* EjerciciosWebServiceUITests.swift */; };
		D1CACB232989CD7000BF4C81 /* EjerciciosWebServiceUITestsLaunchTests.swift in Sources */ = {isa = PBXBuildFile; fileRef = D1CACB222989CD7000BF4C81 /* EjerciciosWebServiceUITestsLaunchTests.swift */; };
/* End PBXBuildFile section */

/* Begin PBXContainerItemProxy section */
		D1CACB132989CD7000BF4C81 /* PBXContainerItemProxy */ = {
			isa = PBXContainerItemProxy;
			containerPortal = D1CACAF52989CD6B00BF4C81 /* Project object */;
			proxyType = 1;
			remoteGlobalIDString = D1CACAFC2989CD6B00BF4C81;
			remoteInfo = EjerciciosWebService;
		};
		D1CACB1D2989CD7000BF4C81 /* PBXContainerItemProxy */ = {
			isa = PBXContainerItemProxy;
			containerPortal = D1CACAF52989CD6B00BF4C81 /* Project object */;
			proxyType = 1;
			remoteGlobalIDString = D1CACAFC2989CD6B00BF4C81;
			remoteInfo = EjerciciosWebService;
		};
/* End PBXContainerItemProxy section */

/* Begin PBXFileReference section */
		D146829D299C3ACA009CEC53 /* Info.plist */ = {isa = PBXFileReference; lastKnownFileType = text.plist; path = Info.plist; sourceTree = "<group>"; };
		D146829F299C3BE0009CEC53 /* Gilroy-Light.otf */ = {isa = PBXFileReference; lastKnownFileType = file; name = "Gilroy-Light.otf"; path = "../../../../Downloads/Gilroy-FREE/Gilroy-Light.otf"; sourceTree = "<group>"; };
		D14682A1299C3BF5009CEC53 /* Gilroy-ExtraBold.otf */ = {isa = PBXFileReference; lastKnownFileType = file; name = "Gilroy-ExtraBold.otf"; path = "../../../../Downloads/Gilroy-FREE/Gilroy-ExtraBold.otf"; sourceTree = "<group>"; };
		D1670023299DAF78006D0E10 /* Componente.swift */ = {isa = PBXFileReference; lastKnownFileType = sourcecode.swift; path = Componente.swift; sourceTree = "<group>"; };
		D1670026299ECE86006D0E10 /* PutEspeciasResponse.swift */ = {isa = PBXFileReference; lastKnownFileType = sourcecode.swift; path = PutEspeciasResponse.swift; sourceTree = "<group>"; };
		D1670028299ECEA9006D0E10 /* PutEspeciasRequest.swift */ = {isa = PBXFileReference; lastKnownFileType = sourcecode.swift; path = PutEspeciasRequest.swift; sourceTree = "<group>"; };
		D167002A299ECEC3006D0E10 /* PostEspeciasResponse.swift */ = {isa = PBXFileReference; lastKnownFileType = sourcecode.swift; path = PostEspeciasResponse.swift; sourceTree = "<group>"; };
		D167002C299ECED6006D0E10 /* PostEspeciasRequest.swift */ = {isa = PBXFileReference; lastKnownFileType = sourcecode.swift; path = PostEspeciasRequest.swift; sourceTree = "<group>"; };
		D167002E299ECEFF006D0E10 /* GetEspeciasResponse.swift */ = {isa = PBXFileReference; lastKnownFileType = sourcecode.swift; path = GetEspeciasResponse.swift; sourceTree = "<group>"; };
		D1670030299ECF14006D0E10 /* DeleteEspeciasResponse.swift */ = {isa = PBXFileReference; lastKnownFileType = sourcecode.swift; path = DeleteEspeciasResponse.swift; sourceTree = "<group>"; };
		D1670032299ECF2B006D0E10 /* DeleteEspeciasRequest.swift */ = {isa = PBXFileReference; lastKnownFileType = sourcecode.swift; path = DeleteEspeciasRequest.swift; sourceTree = "<group>"; };
		D167003A299EDE4D006D0E10 /* SharedViewModel.swift */ = {isa = PBXFileReference; lastKnownFileType = sourcecode.swift; path = SharedViewModel.swift; sourceTree = "<group>"; };
		D16CF18D299EFD1500EE0E56 /* InfoView.swift */ = {isa = PBXFileReference; lastKnownFileType = sourcecode.swift; path = InfoView.swift; sourceTree = "<group>"; };
		D16CF190299EFD7700EE0E56 /* LikesView.swift */ = {isa = PBXFileReference; lastKnownFileType = sourcecode.swift; path = LikesView.swift; sourceTree = "<group>"; };
		D16CF193299EFF6D00EE0E56 /* ComprasView.swift */ = {isa = PBXFileReference; lastKnownFileType = sourcecode.swift; path = ComprasView.swift; sourceTree = "<group>"; };
		D16CF196299EFF8B00EE0E56 /* PerfilView.swift */ = {isa = PBXFileReference; lastKnownFileType = sourcecode.swift; path = PerfilView.swift; sourceTree = "<group>"; };
		D16CF199299F0B3C00EE0E56 /* EspeciasDescripcionView.swift */ = {isa = PBXFileReference; lastKnownFileType = sourcecode.swift; path = EspeciasDescripcionView.swift; sourceTree = "<group>"; };
		D16CF19B29A04AE900EE0E56 /* Gilroy-Regular.ttf */ = {isa = PBXFileReference; lastKnownFileType = file; name = "Gilroy-Regular.ttf"; path = "../../../../Downloads/gilroy/Gilroy-Regular.ttf"; sourceTree = "<group>"; };
		D16CF19C29A1B10700EE0E56 /* GoogleService-Info.plist */ = {isa = PBXFileReference; fileEncoding = 4; lastKnownFileType = text.plist.xml; name = "GoogleService-Info.plist"; path = "../../../Downloads/GoogleService-Info.plist"; sourceTree = "<group>"; };
		D16CF1A129A1B44200EE0E56 /* AppDelegate.swift */ = {isa = PBXFileReference; lastKnownFileType = sourcecode.swift; path = AppDelegate.swift; sourceTree = "<group>"; };
		D187DBD4299D5D6700A197EA /* LoginView.swift */ = {isa = PBXFileReference; lastKnownFileType = sourcecode.swift; path = LoginView.swift; sourceTree = "<group>"; };
		D187DBD6299D5D7A00A197EA /* LoginViewModel.swift */ = {isa = PBXFileReference; lastKnownFileType = sourcecode.swift; path = LoginViewModel.swift; sourceTree = "<group>"; };
		D187DBD9299D8CFA00A197EA /* SignUpView.swift */ = {isa = PBXFileReference; lastKnownFileType = sourcecode.swift; path = SignUpView.swift; sourceTree = "<group>"; };
		D187DBDB299D8D1700A197EA /* SignUpViewModel.swift */ = {isa = PBXFileReference; lastKnownFileType = sourcecode.swift; path = SignUpViewModel.swift; sourceTree = "<group>"; };
		D187DBDE299D9E2B00A197EA /* VerEspeciasView.swift */ = {isa = PBXFileReference; lastKnownFileType = sourcecode.swift; path = VerEspeciasView.swift; sourceTree = "<group>"; };
		D187DBE0299D9E3C00A197EA /* VerEspeciasViewModel.swift */ = {isa = PBXFileReference; lastKnownFileType = sourcecode.swift; path = VerEspeciasViewModel.swift; sourceTree = "<group>"; };
		D1B63700299AFBED00DCB75D /* MenuPrincipalView.swift */ = {isa = PBXFileReference; lastKnownFileType = sourcecode.swift; path = MenuPrincipalView.swift; sourceTree = "<group>"; };
		D1CACAFD2989CD6B00BF4C81 /* EjerciciosWebService.app */ = {isa = PBXFileReference; explicitFileType = wrapper.application; includeInIndex = 0; path = EjerciciosWebService.app; sourceTree = BUILT_PRODUCTS_DIR; };
		D1CACB002989CD6B00BF4C81 /* EjerciciosWebServiceApp.swift */ = {isa = PBXFileReference; lastKnownFileType = sourcecode.swift; path = EjerciciosWebServiceApp.swift; sourceTree = "<group>"; };
		D1CACB042989CD6F00BF4C81 /* Assets.xcassets */ = {isa = PBXFileReference; lastKnownFileType = folder.assetcatalog; path = Assets.xcassets; sourceTree = "<group>"; };
		D1CACB072989CD6F00BF4C81 /* Preview Assets.xcassets */ = {isa = PBXFileReference; lastKnownFileType = folder.assetcatalog; path = "Preview Assets.xcassets"; sourceTree = "<group>"; };
		D1CACB0C2989CD6F00BF4C81 /* EjerciciosWebService.xcdatamodel */ = {isa = PBXFileReference; lastKnownFileType = wrapper.xcdatamodel; path = EjerciciosWebService.xcdatamodel; sourceTree = "<group>"; };
		D1CACB122989CD7000BF4C81 /* EjerciciosWebServiceTests.xctest */ = {isa = PBXFileReference; explicitFileType = wrapper.cfbundle; includeInIndex = 0; path = EjerciciosWebServiceTests.xctest; sourceTree = BUILT_PRODUCTS_DIR; };
		D1CACB162989CD7000BF4C81 /* EjerciciosWebServiceTests.swift */ = {isa = PBXFileReference; lastKnownFileType = sourcecode.swift; path = EjerciciosWebServiceTests.swift; sourceTree = "<group>"; };
		D1CACB1C2989CD7000BF4C81 /* EjerciciosWebServiceUITests.xctest */ = {isa = PBXFileReference; explicitFileType = wrapper.cfbundle; includeInIndex = 0; path = EjerciciosWebServiceUITests.xctest; sourceTree = BUILT_PRODUCTS_DIR; };
		D1CACB202989CD7000BF4C81 /* EjerciciosWebServiceUITests.swift */ = {isa = PBXFileReference; lastKnownFileType = sourcecode.swift; path = EjerciciosWebServiceUITests.swift; sourceTree = "<group>"; };
		D1CACB222989CD7000BF4C81 /* EjerciciosWebServiceUITestsLaunchTests.swift */ = {isa = PBXFileReference; lastKnownFileType = sourcecode.swift; path = EjerciciosWebServiceUITestsLaunchTests.swift; sourceTree = "<group>"; };
/* End PBXFileReference section */

/* Begin PBXFrameworksBuildPhase section */
		D1CACAFA2989CD6B00BF4C81 /* Frameworks */ = {
			isa = PBXFrameworksBuildPhase;
			buildActionMask = 2147483647;
			files = (
				D1670039299ED19D006D0E10 /* Kingfisher in Frameworks */,
				D16CF1A029A1B2BB00EE0E56 /* FirebaseAuth in Frameworks */,
				D1670036299ED192006D0E10 /* Alamofire in Frameworks */,
			);
			runOnlyForDeploymentPostprocessing = 0;
		};
		D1CACB0F2989CD7000BF4C81 /* Frameworks */ = {
			isa = PBXFrameworksBuildPhase;
			buildActionMask = 2147483647;
			files = (
			);
			runOnlyForDeploymentPostprocessing = 0;
		};
		D1CACB192989CD7000BF4C81 /* Frameworks */ = {
			isa = PBXFrameworksBuildPhase;
			buildActionMask = 2147483647;
			files = (
			);
			runOnlyForDeploymentPostprocessing = 0;
		};
/* End PBXFrameworksBuildPhase section */

/* Begin PBXGroup section */
		D146829E299C3BB8009CEC53 /* Fonts */ = {
			isa = PBXGroup;
			children = (
				D16CF19B29A04AE900EE0E56 /* Gilroy-Regular.ttf */,
				D14682A1299C3BF5009CEC53 /* Gilroy-ExtraBold.otf */,
				D146829F299C3BE0009CEC53 /* Gilroy-Light.otf */,
			);
			path = Fonts;
			sourceTree = "<group>";
		};
		D1670025299EBA5C006D0E10 /* WebService */ = {
			isa = PBXGroup;
			children = (
			);
			name = WebService;
			path = Pantallas/WebService;
			sourceTree = "<group>";
		};
		D16CF18C299EFCD500EE0E56 /* Info */ = {
			isa = PBXGroup;
			children = (
				D16CF18D299EFD1500EE0E56 /* InfoView.swift */,
			);
			path = Info;
			sourceTree = "<group>";
		};
		D16CF18F299EFD6500EE0E56 /* Likesview */ = {
			isa = PBXGroup;
			children = (
				D16CF190299EFD7700EE0E56 /* LikesView.swift */,
			);
			path = Likesview;
			sourceTree = "<group>";
		};
		D16CF192299EFF5D00EE0E56 /* Compras */ = {
			isa = PBXGroup;
			children = (
				D16CF193299EFF6D00EE0E56 /* ComprasView.swift */,
			);
			path = Compras;
			sourceTree = "<group>";
		};
		D16CF195299EFF7F00EE0E56 /* Perfil */ = {
			isa = PBXGroup;
			children = (
				D16CF196299EFF8B00EE0E56 /* PerfilView.swift */,
			);
			path = Perfil;
			sourceTree = "<group>";
		};
		D16CF198299F0B2800EE0E56 /* EspeciasDescripcion */ = {
			isa = PBXGroup;
			children = (
				D16CF199299F0B3C00EE0E56 /* EspeciasDescripcionView.swift */,
			);
			path = EspeciasDescripcion;
			sourceTree = "<group>";
		};
		D187DBD3299D5D4500A197EA /* Login */ = {
			isa = PBXGroup;
			children = (
				D187DBD4299D5D6700A197EA /* LoginView.swift */,
				D187DBD6299D5D7A00A197EA /* LoginViewModel.swift */,
			);
			path = Login;
			sourceTree = "<group>";
		};
		D187DBD8299D8CDA00A197EA /* SignUp */ = {
			isa = PBXGroup;
			children = (
				D187DBD9299D8CFA00A197EA /* SignUpView.swift */,
				D187DBDB299D8D1700A197EA /* SignUpViewModel.swift */,
			);
			path = SignUp;
			sourceTree = "<group>";
		};
		D187DBDD299D9DFD00A197EA /* VerEspecias */ = {
			isa = PBXGroup;
			children = (
				D187DBDE299D9E2B00A197EA /* VerEspeciasView.swift */,
				D187DBE0299D9E3C00A197EA /* VerEspeciasViewModel.swift */,
			);
			path = VerEspecias;
			sourceTree = "<group>";
		};
		D1B636FC299AFB9400DCB75D /* Pantallas */ = {
			isa = PBXGroup;
			children = (
				D16CF198299F0B2800EE0E56 /* EspeciasDescripcion */,
				D16CF195299EFF7F00EE0E56 /* Perfil */,
				D16CF192299EFF5D00EE0E56 /* Compras */,
				D16CF18F299EFD6500EE0E56 /* Likesview */,
				D187DBDD299D9DFD00A197EA /* VerEspecias */,
				D16CF18C299EFCD500EE0E56 /* Info */,
				D187DBD8299D8CDA00A197EA /* SignUp */,
				D187DBD3299D5D4500A197EA /* Login */,
				D1B636FF299AFBB800DCB75D /* MenuPrincipal */,
				D1670023299DAF78006D0E10 /* Componente.swift */,
			);
			path = Pantallas;
			sourceTree = "<group>";
		};
		D1B636FD299AFB9C00DCB75D /* WebService */ = {
			isa = PBXGroup;
			children = (
				D1670026299ECE86006D0E10 /* PutEspeciasResponse.swift */,
				D1670028299ECEA9006D0E10 /* PutEspeciasRequest.swift */,
				D167002A299ECEC3006D0E10 /* PostEspeciasResponse.swift */,
				D167002C299ECED6006D0E10 /* PostEspeciasRequest.swift */,
				D167002E299ECEFF006D0E10 /* GetEspeciasResponse.swift */,
				D1670030299ECF14006D0E10 /* DeleteEspeciasResponse.swift */,
				D1670032299ECF2B006D0E10 /* DeleteEspeciasRequest.swift */,
			);
			path = WebService;
			sourceTree = "<group>";
		};
		D1B636FE299AFBA900DCB75D /* SharedViewModel */ = {
			isa = PBXGroup;
			children = (
				D167003A299EDE4D006D0E10 /* SharedViewModel.swift */,
			);
			path = SharedViewModel;
			sourceTree = "<group>";
		};
		D1B636FF299AFBB800DCB75D /* MenuPrincipal */ = {
			isa = PBXGroup;
			children = (
				D1B63700299AFBED00DCB75D /* MenuPrincipalView.swift */,
			);
			path = MenuPrincipal;
			sourceTree = "<group>";
		};
		D1CACAF42989CD6B00BF4C81 = {
			isa = PBXGroup;
			children = (
				D1CACAFF2989CD6B00BF4C81 /* EjerciciosWebService */,
				D1CACB152989CD7000BF4C81 /* EjerciciosWebServiceTests */,
				D1CACB1F2989CD7000BF4C81 /* EjerciciosWebServiceUITests */,
				D1CACAFE2989CD6B00BF4C81 /* Products */,
			);
			sourceTree = "<group>";
		};
		D1CACAFE2989CD6B00BF4C81 /* Products */ = {
			isa = PBXGroup;
			children = (
				D1CACAFD2989CD6B00BF4C81 /* EjerciciosWebService.app */,
				D1CACB122989CD7000BF4C81 /* EjerciciosWebServiceTests.xctest */,
				D1CACB1C2989CD7000BF4C81 /* EjerciciosWebServiceUITests.xctest */,
			);
			name = Products;
			sourceTree = "<group>";
		};
		D1CACAFF2989CD6B00BF4C81 /* EjerciciosWebService */ = {
			isa = PBXGroup;
			children = (
				D16CF1A129A1B44200EE0E56 /* AppDelegate.swift */,
				D1CACB002989CD6B00BF4C81 /* EjerciciosWebServiceApp.swift */,
				D16CF19C29A1B10700EE0E56 /* GoogleService-Info.plist */,
				D1670025299EBA5C006D0E10 /* WebService */,
				D146829E299C3BB8009CEC53 /* Fonts */,
				D146829D299C3ACA009CEC53 /* Info.plist */,
				D1B636FE299AFBA900DCB75D /* SharedViewModel */,
				D1B636FD299AFB9C00DCB75D /* WebService */,
				D1B636FC299AFB9400DCB75D /* Pantallas */,
				D1CACB042989CD6F00BF4C81 /* Assets.xcassets */,
				D1CACB0B2989CD6F00BF4C81 /* EjerciciosWebService.xcdatamodeld */,
				D1CACB062989CD6F00BF4C81 /* Preview Content */,
			);
			path = EjerciciosWebService;
			sourceTree = "<group>";
		};
		D1CACB062989CD6F00BF4C81 /* Preview Content */ = {
			isa = PBXGroup;
			children = (
				D1CACB072989CD6F00BF4C81 /* Preview Assets.xcassets */,
			);
			path = "Preview Content";
			sourceTree = "<group>";
		};
		D1CACB152989CD7000BF4C81 /* EjerciciosWebServiceTests */ = {
			isa = PBXGroup;
			children = (
				D1CACB162989CD7000BF4C81 /* EjerciciosWebServiceTests.swift */,
			);
			path = EjerciciosWebServiceTests;
			sourceTree = "<group>";
		};
		D1CACB1F2989CD7000BF4C81 /* EjerciciosWebServiceUITests */ = {
			isa = PBXGroup;
			children = (
				D1CACB202989CD7000BF4C81 /* EjerciciosWebServiceUITests.swift */,
				D1CACB222989CD7000BF4C81 /* EjerciciosWebServiceUITestsLaunchTests.swift */,
			);
			path = EjerciciosWebServiceUITests;
			sourceTree = "<group>";
		};
/* End PBXGroup section */

/* Begin PBXNativeTarget section */
		D1CACAFC2989CD6B00BF4C81 /* EjerciciosWebService */ = {
			isa = PBXNativeTarget;
			buildConfigurationList = D1CACB262989CD7000BF4C81 /* Build configuration list for PBXNativeTarget "EjerciciosWebService" */;
			buildPhases = (
				D1CACAF92989CD6B00BF4C81 /* Sources */,
				D1CACAFA2989CD6B00BF4C81 /* Frameworks */,
				D1CACAFB2989CD6B00BF4C81 /* Resources */,
			);
			buildRules = (
			);
			dependencies = (
			);
			name = EjerciciosWebService;
			packageProductDependencies = (
				D1670035299ED192006D0E10 /* Alamofire */,
				D1670038299ED19D006D0E10 /* Kingfisher */,
				D16CF19F29A1B2BB00EE0E56 /* FirebaseAuth */,
			);
			productName = EjerciciosWebService;
			productReference = D1CACAFD2989CD6B00BF4C81 /* EjerciciosWebService.app */;
			productType = "com.apple.product-type.application";
		};
		D1CACB112989CD7000BF4C81 /* EjerciciosWebServiceTests */ = {
			isa = PBXNativeTarget;
			buildConfigurationList = D1CACB292989CD7000BF4C81 /* Build configuration list for PBXNativeTarget "EjerciciosWebServiceTests" */;
			buildPhases = (
				D1CACB0E2989CD7000BF4C81 /* Sources */,
				D1CACB0F2989CD7000BF4C81 /* Frameworks */,
				D1CACB102989CD7000BF4C81 /* Resources */,
			);
			buildRules = (
			);
			dependencies = (
				D1CACB142989CD7000BF4C81 /* PBXTargetDependency */,
			);
			name = EjerciciosWebServiceTests;
			productName = EjerciciosWebServiceTests;
			productReference = D1CACB122989CD7000BF4C81 /* EjerciciosWebServiceTests.xctest */;
			productType = "com.apple.product-type.bundle.unit-test";
		};
		D1CACB1B2989CD7000BF4C81 /* EjerciciosWebServiceUITests */ = {
			isa = PBXNativeTarget;
			buildConfigurationList = D1CACB2C2989CD7000BF4C81 /* Build configuration list for PBXNativeTarget "EjerciciosWebServiceUITests" */;
			buildPhases = (
				D1CACB182989CD7000BF4C81 /* Sources */,
				D1CACB192989CD7000BF4C81 /* Frameworks */,
				D1CACB1A2989CD7000BF4C81 /* Resources */,
			);
			buildRules = (
			);
			dependencies = (
				D1CACB1E2989CD7000BF4C81 /* PBXTargetDependency */,
			);
			name = EjerciciosWebServiceUITests;
			productName = EjerciciosWebServiceUITests;
			productReference = D1CACB1C2989CD7000BF4C81 /* EjerciciosWebServiceUITests.xctest */;
			productType = "com.apple.product-type.bundle.ui-testing";
		};
/* End PBXNativeTarget section */

/* Begin PBXProject section */
		D1CACAF52989CD6B00BF4C81 /* Project object */ = {
			isa = PBXProject;
			attributes = {
				BuildIndependentTargetsInParallel = 1;
				LastSwiftUpdateCheck = 1420;
				LastUpgradeCheck = 1420;
				TargetAttributes = {
					D1CACAFC2989CD6B00BF4C81 = {
						CreatedOnToolsVersion = 14.2;
					};
					D1CACB112989CD7000BF4C81 = {
						CreatedOnToolsVersion = 14.2;
						TestTargetID = D1CACAFC2989CD6B00BF4C81;
					};
					D1CACB1B2989CD7000BF4C81 = {
						CreatedOnToolsVersion = 14.2;
						TestTargetID = D1CACAFC2989CD6B00BF4C81;
					};
				};
			};
			buildConfigurationList = D1CACAF82989CD6B00BF4C81 /* Build configuration list for PBXProject "EjerciciosWebService" */;
			compatibilityVersion = "Xcode 14.0";
			developmentRegion = en;
			hasScannedForEncodings = 0;
			knownRegions = (
				en,
				Base,
			);
			mainGroup = D1CACAF42989CD6B00BF4C81;
			packageReferences = (
				D1670034299ED192006D0E10 /* XCRemoteSwiftPackageReference "Alamofire" */,
				D1670037299ED19D006D0E10 /* XCRemoteSwiftPackageReference "Kingfisher" */,
				D16CF19E29A1B2BB00EE0E56 /* XCRemoteSwiftPackageReference "firebase-ios-sdk" */,
			);
			productRefGroup = D1CACAFE2989CD6B00BF4C81 /* Products */;
			projectDirPath = "";
			projectRoot = "";
			targets = (
				D1CACAFC2989CD6B00BF4C81 /* EjerciciosWebService */,
				D1CACB112989CD7000BF4C81 /* EjerciciosWebServiceTests */,
				D1CACB1B2989CD7000BF4C81 /* EjerciciosWebServiceUITests */,
			);
		};
/* End PBXProject section */

/* Begin PBXResourcesBuildPhase section */
		D1CACAFB2989CD6B00BF4C81 /* Resources */ = {
			isa = PBXResourcesBuildPhase;
			buildActionMask = 2147483647;
			files = (
				D1CACB082989CD6F00BF4C81 /* Preview Assets.xcassets in Resources */,
				D1CACB052989CD6F00BF4C81 /* Assets.xcassets in Resources */,
				D16CF19D29A1B10700EE0E56 /* GoogleService-Info.plist in Resources */,
				D14682A0299C3BE0009CEC53 /* Gilroy-Light.otf in Resources */,
				D14682A2299C3BF5009CEC53 /* Gilroy-ExtraBold.otf in Resources */,
			);
			runOnlyForDeploymentPostprocessing = 0;
		};
		D1CACB102989CD7000BF4C81 /* Resources */ = {
			isa = PBXResourcesBuildPhase;
			buildActionMask = 2147483647;
			files = (
			);
			runOnlyForDeploymentPostprocessing = 0;
		};
		D1CACB1A2989CD7000BF4C81 /* Resources */ = {
			isa = PBXResourcesBuildPhase;
			buildActionMask = 2147483647;
			files = (
			);
			runOnlyForDeploymentPostprocessing = 0;
		};
/* End PBXResourcesBuildPhase section */

/* Begin PBXSourcesBuildPhase section */
		D1CACAF92989CD6B00BF4C81 /* Sources */ = {
			isa = PBXSourcesBuildPhase;
			buildActionMask = 2147483647;
			files = (
				D16CF1A229A1B44200EE0E56 /* AppDelegate.swift in Sources */,
				D1670033299ECF2B006D0E10 /* DeleteEspeciasRequest.swift in Sources */,
				D167003B299EDE4D006D0E10 /* SharedViewModel.swift in Sources */,
				D187DBE1299D9E3C00A197EA /* VerEspeciasViewModel.swift in Sources */,
				D1CACB0D2989CD6F00BF4C81 /* EjerciciosWebService.xcdatamodeld in Sources */,
				D16CF197299EFF8B00EE0E56 /* PerfilView.swift in Sources */,
				D167002F299ECEFF006D0E10 /* GetEspeciasResponse.swift in Sources */,
				D16CF19A299F0B3C00EE0E56 /* EspeciasDescripcionView.swift in Sources */,
				D167002D299ECED6006D0E10 /* PostEspeciasRequest.swift in Sources */,
				D16CF18E299EFD1500EE0E56 /* InfoView.swift in Sources */,
				D1CACB012989CD6B00BF4C81 /* EjerciciosWebServiceApp.swift in Sources */,
				D16CF194299EFF6D00EE0E56 /* ComprasView.swift in Sources */,
				D1670027299ECE86006D0E10 /* PutEspeciasResponse.swift in Sources */,
				D16CF191299EFD7700EE0E56 /* LikesView.swift in Sources */,
				D1670031299ECF14006D0E10 /* DeleteEspeciasResponse.swift in Sources */,
				D187DBD5299D5D6700A197EA /* LoginView.swift in Sources */,
				D187DBD7299D5D7A00A197EA /* LoginViewModel.swift in Sources */,
				D1670029299ECEA9006D0E10 /* PutEspeciasRequest.swift in Sources */,
				D187DBDA299D8CFA00A197EA /* SignUpView.swift in Sources */,
				D167002B299ECEC3006D0E10 /* PostEspeciasResponse.swift in Sources */,
				D187DBDF299D9E2B00A197EA /* VerEspeciasView.swift in Sources */,
				D1670024299DAF78006D0E10 /* Componente.swift in Sources */,
				D1B63701299AFBED00DCB75D /* MenuPrincipalView.swift in Sources */,
				D187DBDC299D8D1700A197EA /* SignUpViewModel.swift in Sources */,
			);
			runOnlyForDeploymentPostprocessing = 0;
		};
		D1CACB0E2989CD7000BF4C81 /* Sources */ = {
			isa = PBXSourcesBuildPhase;
			buildActionMask = 2147483647;
			files = (
				D1CACB172989CD7000BF4C81 /* EjerciciosWebServiceTests.swift in Sources */,
			);
			runOnlyForDeploymentPostprocessing = 0;
		};
		D1CACB182989CD7000BF4C81 /* Sources */ = {
			isa = PBXSourcesBuildPhase;
			buildActionMask = 2147483647;
			files = (
				D1CACB212989CD7000BF4C81 /* EjerciciosWebServiceUITests.swift in Sources */,
				D1CACB232989CD7000BF4C81 /* EjerciciosWebServiceUITestsLaunchTests.swift in Sources */,
			);
			runOnlyForDeploymentPostprocessing = 0;
		};
/* End PBXSourcesBuildPhase section */

/* Begin PBXTargetDependency section */
		D1CACB142989CD7000BF4C81 /* PBXTargetDependency */ = {
			isa = PBXTargetDependency;
			target = D1CACAFC2989CD6B00BF4C81 /* EjerciciosWebService */;
			targetProxy = D1CACB132989CD7000BF4C81 /* PBXContainerItemProxy */;
		};
		D1CACB1E2989CD7000BF4C81 /* PBXTargetDependency */ = {
			isa = PBXTargetDependency;
			target = D1CACAFC2989CD6B00BF4C81 /* EjerciciosWebService */;
			targetProxy = D1CACB1D2989CD7000BF4C81 /* PBXContainerItemProxy */;
		};
/* End PBXTargetDependency section */

/* Begin XCBuildConfiguration section */
		D1CACB242989CD7000BF4C81 /* Debug */ = {
			isa = XCBuildConfiguration;
			buildSettings = {
				ALWAYS_SEARCH_USER_PATHS = NO;
				CLANG_ANALYZER_NONNULL = YES;
				CLANG_ANALYZER_NUMBER_OBJECT_CONVERSION = YES_AGGRESSIVE;
				CLANG_CXX_LANGUAGE_STANDARD = "gnu++20";
				CLANG_ENABLE_MODULES = YES;
				CLANG_ENABLE_OBJC_ARC = YES;
				CLANG_ENABLE_OBJC_WEAK = YES;
				CLANG_WARN_BLOCK_CAPTURE_AUTORELEASING = YES;
				CLANG_WARN_BOOL_CONVERSION = YES;
				CLANG_WARN_COMMA = YES;
				CLANG_WARN_CONSTANT_CONVERSION = YES;
				CLANG_WARN_DEPRECATED_OBJC_IMPLEMENTATIONS = YES;
				CLANG_WARN_DIRECT_OBJC_ISA_USAGE = YES_ERROR;
				CLANG_WARN_DOCUMENTATION_COMMENTS = YES;
				CLANG_WARN_EMPTY_BODY = YES;
				CLANG_WARN_ENUM_CONVERSION = YES;
				CLANG_WARN_INFINITE_RECURSION = YES;
				CLANG_WARN_INT_CONVERSION = YES;
				CLANG_WARN_NON_LITERAL_NULL_CONVERSION = YES;
				CLANG_WARN_OBJC_IMPLICIT_RETAIN_SELF = YES;
				CLANG_WARN_OBJC_LITERAL_CONVERSION = YES;
				CLANG_WARN_OBJC_ROOT_CLASS = YES_ERROR;
				CLANG_WARN_QUOTED_INCLUDE_IN_FRAMEWORK_HEADER = YES;
				CLANG_WARN_RANGE_LOOP_ANALYSIS = YES;
				CLANG_WARN_STRICT_PROTOTYPES = YES;
				CLANG_WARN_SUSPICIOUS_MOVE = YES;
				CLANG_WARN_UNGUARDED_AVAILABILITY = YES_AGGRESSIVE;
				CLANG_WARN_UNREACHABLE_CODE = YES;
				CLANG_WARN__DUPLICATE_METHOD_MATCH = YES;
				COPY_PHASE_STRIP = NO;
				DEBUG_INFORMATION_FORMAT = dwarf;
				ENABLE_STRICT_OBJC_MSGSEND = YES;
				ENABLE_TESTABILITY = YES;
				GCC_C_LANGUAGE_STANDARD = gnu11;
				GCC_DYNAMIC_NO_PIC = NO;
				GCC_NO_COMMON_BLOCKS = YES;
				GCC_OPTIMIZATION_LEVEL = 0;
				GCC_PREPROCESSOR_DEFINITIONS = (
					"DEBUG=1",
					"$(inherited)",
				);
				GCC_WARN_64_TO_32_BIT_CONVERSION = YES;
				GCC_WARN_ABOUT_RETURN_TYPE = YES_ERROR;
				GCC_WARN_UNDECLARED_SELECTOR = YES;
				GCC_WARN_UNINITIALIZED_AUTOS = YES_AGGRESSIVE;
				GCC_WARN_UNUSED_FUNCTION = YES;
				GCC_WARN_UNUSED_VARIABLE = YES;
				IPHONEOS_DEPLOYMENT_TARGET = 16.2;
				MTL_ENABLE_DEBUG_INFO = INCLUDE_SOURCE;
				MTL_FAST_MATH = YES;
				ONLY_ACTIVE_ARCH = YES;
				SDKROOT = iphoneos;
				SWIFT_ACTIVE_COMPILATION_CONDITIONS = DEBUG;
				SWIFT_OPTIMIZATION_LEVEL = "-Onone";
			};
			name = Debug;
		};
		D1CACB252989CD7000BF4C81 /* Release */ = {
			isa = XCBuildConfiguration;
			buildSettings = {
				ALWAYS_SEARCH_USER_PATHS = NO;
				CLANG_ANALYZER_NONNULL = YES;
				CLANG_ANALYZER_NUMBER_OBJECT_CONVERSION = YES_AGGRESSIVE;
				CLANG_CXX_LANGUAGE_STANDARD = "gnu++20";
				CLANG_ENABLE_MODULES = YES;
				CLANG_ENABLE_OBJC_ARC = YES;
				CLANG_ENABLE_OBJC_WEAK = YES;
				CLANG_WARN_BLOCK_CAPTURE_AUTORELEASING = YES;
				CLANG_WARN_BOOL_CONVERSION = YES;
				CLANG_WARN_COMMA = YES;
				CLANG_WARN_CONSTANT_CONVERSION = YES;
				CLANG_WARN_DEPRECATED_OBJC_IMPLEMENTATIONS = YES;
				CLANG_WARN_DIRECT_OBJC_ISA_USAGE = YES_ERROR;
				CLANG_WARN_DOCUMENTATION_COMMENTS = YES;
				CLANG_WARN_EMPTY_BODY = YES;
				CLANG_WARN_ENUM_CONVERSION = YES;
				CLANG_WARN_INFINITE_RECURSION = YES;
				CLANG_WARN_INT_CONVERSION = YES;
				CLANG_WARN_NON_LITERAL_NULL_CONVERSION = YES;
				CLANG_WARN_OBJC_IMPLICIT_RETAIN_SELF = YES;
				CLANG_WARN_OBJC_LITERAL_CONVERSION = YES;
				CLANG_WARN_OBJC_ROOT_CLASS = YES_ERROR;
				CLANG_WARN_QUOTED_INCLUDE_IN_FRAMEWORK_HEADER = YES;
				CLANG_WARN_RANGE_LOOP_ANALYSIS = YES;
				CLANG_WARN_STRICT_PROTOTYPES = YES;
				CLANG_WARN_SUSPICIOUS_MOVE = YES;
				CLANG_WARN_UNGUARDED_AVAILABILITY = YES_AGGRESSIVE;
				CLANG_WARN_UNREACHABLE_CODE = YES;
				CLANG_WARN__DUPLICATE_METHOD_MATCH = YES;
				COPY_PHASE_STRIP = NO;
				DEBUG_INFORMATION_FORMAT = "dwarf-with-dsym";
				ENABLE_NS_ASSERTIONS = NO;
				ENABLE_STRICT_OBJC_MSGSEND = YES;
				GCC_C_LANGUAGE_STANDARD = gnu11;
				GCC_NO_COMMON_BLOCKS = YES;
				GCC_WARN_64_TO_32_BIT_CONVERSION = YES;
				GCC_WARN_ABOUT_RETURN_TYPE = YES_ERROR;
				GCC_WARN_UNDECLARED_SELECTOR = YES;
				GCC_WARN_UNINITIALIZED_AUTOS = YES_AGGRESSIVE;
				GCC_WARN_UNUSED_FUNCTION = YES;
				GCC_WARN_UNUSED_VARIABLE = YES;
				IPHONEOS_DEPLOYMENT_TARGET = 16.2;
				MTL_ENABLE_DEBUG_INFO = NO;
				MTL_FAST_MATH = YES;
				SDKROOT = iphoneos;
				SWIFT_COMPILATION_MODE = wholemodule;
				SWIFT_OPTIMIZATION_LEVEL = "-O";
				VALIDATE_PRODUCT = YES;
			};
			name = Release;
		};
		D1CACB272989CD7000BF4C81 /* Debug */ = {
			isa = XCBuildConfiguration;
			buildSettings = {
				ASSETCATALOG_COMPILER_APPICON_NAME = AppIcon;
				ASSETCATALOG_COMPILER_GLOBAL_ACCENT_COLOR_NAME = AccentColor;
				CODE_SIGN_STYLE = Automatic;
				CURRENT_PROJECT_VERSION = 1;
				DEVELOPMENT_ASSET_PATHS = "\"EjerciciosWebService/Preview Content\"";
				DEVELOPMENT_TEAM = H9JXH336V5;
				ENABLE_PREVIEWS = YES;
				GENERATE_INFOPLIST_FILE = YES;
				INFOPLIST_FILE = EjerciciosWebService/Info.plist;
				INFOPLIST_KEY_UIApplicationSceneManifest_Generation = YES;
				INFOPLIST_KEY_UIApplicationSupportsIndirectInputEvents = YES;
				INFOPLIST_KEY_UILaunchScreen_Generation = YES;
				INFOPLIST_KEY_UISupportedInterfaceOrientations_iPad = "UIInterfaceOrientationPortrait UIInterfaceOrientationPortraitUpsideDown UIInterfaceOrientationLandscapeLeft UIInterfaceOrientationLandscapeRight";
				INFOPLIST_KEY_UISupportedInterfaceOrientations_iPhone = "UIInterfaceOrientationPortrait UIInterfaceOrientationLandscapeLeft UIInterfaceOrientationLandscapeRight";
				LD_RUNPATH_SEARCH_PATHS = (
					"$(inherited)",
					"@executable_path/Frameworks",
				);
				MARKETING_VERSION = 1.0;
				PRODUCT_BUNDLE_IDENTIFIER = com.laclave.EjerciciosWebService;
				PRODUCT_NAME = "$(TARGET_NAME)";
				SWIFT_EMIT_LOC_STRINGS = YES;
				SWIFT_VERSION = 5.0;
				TARGETED_DEVICE_FAMILY = "1,2";
			};
			name = Debug;
		};
		D1CACB282989CD7000BF4C81 /* Release */ = {
			isa = XCBuildConfiguration;
			buildSettings = {
				ASSETCATALOG_COMPILER_APPICON_NAME = AppIcon;
				ASSETCATALOG_COMPILER_GLOBAL_ACCENT_COLOR_NAME = AccentColor;
				CODE_SIGN_STYLE = Automatic;
				CURRENT_PROJECT_VERSION = 1;
				DEVELOPMENT_ASSET_PATHS = "\"EjerciciosWebService/Preview Content\"";
				DEVELOPMENT_TEAM = H9JXH336V5;
				ENABLE_PREVIEWS = YES;
				GENERATE_INFOPLIST_FILE = YES;
				INFOPLIST_FILE = EjerciciosWebService/Info.plist;
				INFOPLIST_KEY_UIApplicationSceneManifest_Generation = YES;
				INFOPLIST_KEY_UIApplicationSupportsIndirectInputEvents = YES;
				INFOPLIST_KEY_UILaunchScreen_Generation = YES;
				INFOPLIST_KEY_UISupportedInterfaceOrientations_iPad = "UIInterfaceOrientationPortrait UIInterfaceOrientationPortraitUpsideDown UIInterfaceOrientationLandscapeLeft UIInterfaceOrientationLandscapeRight";
				INFOPLIST_KEY_UISupportedInterfaceOrientations_iPhone = "UIInterfaceOrientationPortrait UIInterfaceOrientationLandscapeLeft UIInterfaceOrientationLandscapeRight";
				LD_RUNPATH_SEARCH_PATHS = (
					"$(inherited)",
					"@executable_path/Frameworks",
				);
				MARKETING_VERSION = 1.0;
				PRODUCT_BUNDLE_IDENTIFIER = com.laclave.EjerciciosWebService;
				PRODUCT_NAME = "$(TARGET_NAME)";
				SWIFT_EMIT_LOC_STRINGS = YES;
				SWIFT_VERSION = 5.0;
				TARGETED_DEVICE_FAMILY = "1,2";
			};
			name = Release;
		};
		D1CACB2A2989CD7000BF4C81 /* Debug */ = {
			isa = XCBuildConfiguration;
			buildSettings = {
				ALWAYS_EMBED_SWIFT_STANDARD_LIBRARIES = YES;
				BUNDLE_LOADER = "$(TEST_HOST)";
				CODE_SIGN_STYLE = Automatic;
				CURRENT_PROJECT_VERSION = 1;
				DEVELOPMENT_TEAM = H9JXH336V5;
				GENERATE_INFOPLIST_FILE = YES;
				IPHONEOS_DEPLOYMENT_TARGET = 16.2;
				MARKETING_VERSION = 1.0;
				PRODUCT_BUNDLE_IDENTIFIER = com.laclave.EjerciciosWebServiceTests;
				PRODUCT_NAME = "$(TARGET_NAME)";
				SWIFT_EMIT_LOC_STRINGS = NO;
				SWIFT_VERSION = 5.0;
				TARGETED_DEVICE_FAMILY = "1,2";
				TEST_HOST = "$(BUILT_PRODUCTS_DIR)/EjerciciosWebService.app/$(BUNDLE_EXECUTABLE_FOLDER_PATH)/EjerciciosWebService";
			};
			name = Debug;
		};
		D1CACB2B2989CD7000BF4C81 /* Release */ = {
			isa = XCBuildConfiguration;
			buildSettings = {
				ALWAYS_EMBED_SWIFT_STANDARD_LIBRARIES = YES;
				BUNDLE_LOADER = "$(TEST_HOST)";
				CODE_SIGN_STYLE = Automatic;
				CURRENT_PROJECT_VERSION = 1;
				DEVELOPMENT_TEAM = H9JXH336V5;
				GENERATE_INFOPLIST_FILE = YES;
				IPHONEOS_DEPLOYMENT_TARGET = 16.2;
				MARKETING_VERSION = 1.0;
				PRODUCT_BUNDLE_IDENTIFIER = com.laclave.EjerciciosWebServiceTests;
				PRODUCT_NAME = "$(TARGET_NAME)";
				SWIFT_EMIT_LOC_STRINGS = NO;
				SWIFT_VERSION = 5.0;
				TARGETED_DEVICE_FAMILY = "1,2";
				TEST_HOST = "$(BUILT_PRODUCTS_DIR)/EjerciciosWebService.app/$(BUNDLE_EXECUTABLE_FOLDER_PATH)/EjerciciosWebService";
			};
			name = Release;
		};
		D1CACB2D2989CD7000BF4C81 /* Debug */ = {
			isa = XCBuildConfiguration;
			buildSettings = {
				ALWAYS_EMBED_SWIFT_STANDARD_LIBRARIES = YES;
				CODE_SIGN_STYLE = Automatic;
				CURRENT_PROJECT_VERSION = 1;
				DEVELOPMENT_TEAM = H9JXH336V5;
				GENERATE_INFOPLIST_FILE = YES;
				MARKETING_VERSION = 1.0;
				PRODUCT_BUNDLE_IDENTIFIER = com.laclave.EjerciciosWebServiceUITests;
				PRODUCT_NAME = "$(TARGET_NAME)";
				SWIFT_EMIT_LOC_STRINGS = NO;
				SWIFT_VERSION = 5.0;
				TARGETED_DEVICE_FAMILY = "1,2";
				TEST_TARGET_NAME = EjerciciosWebService;
			};
			name = Debug;
		};
		D1CACB2E2989CD7000BF4C81 /* Release */ = {
			isa = XCBuildConfiguration;
			buildSettings = {
				ALWAYS_EMBED_SWIFT_STANDARD_LIBRARIES = YES;
				CODE_SIGN_STYLE = Automatic;
				CURRENT_PROJECT_VERSION = 1;
				DEVELOPMENT_TEAM = H9JXH336V5;
				GENERATE_INFOPLIST_FILE = YES;
				MARKETING_VERSION = 1.0;
				PRODUCT_BUNDLE_IDENTIFIER = com.laclave.EjerciciosWebServiceUITests;
				PRODUCT_NAME = "$(TARGET_NAME)";
				SWIFT_EMIT_LOC_STRINGS = NO;
				SWIFT_VERSION = 5.0;
				TARGETED_DEVICE_FAMILY = "1,2";
				TEST_TARGET_NAME = EjerciciosWebService;
			};
			name = Release;
		};
/* End XCBuildConfiguration section */

/* Begin XCConfigurationList section */
		D1CACAF82989CD6B00BF4C81 /* Build configuration list for PBXProject "EjerciciosWebService" */ = {
			isa = XCConfigurationList;
			buildConfigurations = (
				D1CACB242989CD7000BF4C81 /* Debug */,
				D1CACB252989CD7000BF4C81 /* Release */,
			);
			defaultConfigurationIsVisible = 0;
			defaultConfigurationName = Release;
		};
		D1CACB262989CD7000BF4C81 /* Build configuration list for PBXNativeTarget "EjerciciosWebService" */ = {
			isa = XCConfigurationList;
			buildConfigurations = (
				D1CACB272989CD7000BF4C81 /* Debug */,
				D1CACB282989CD7000BF4C81 /* Release */,
			);
			defaultConfigurationIsVisible = 0;
			defaultConfigurationName = Release;
		};
		D1CACB292989CD7000BF4C81 /* Build configuration list for PBXNativeTarget "EjerciciosWebServiceTests" */ = {
			isa = XCConfigurationList;
			buildConfigurations = (
				D1CACB2A2989CD7000BF4C81 /* Debug */,
				D1CACB2B2989CD7000BF4C81 /* Release */,
			);
			defaultConfigurationIsVisible = 0;
			defaultConfigurationName = Release;
		};
		D1CACB2C2989CD7000BF4C81 /* Build configuration list for PBXNativeTarget "EjerciciosWebServiceUITests" */ = {
			isa = XCConfigurationList;
			buildConfigurations = (
				D1CACB2D2989CD7000BF4C81 /* Debug */,
				D1CACB2E2989CD7000BF4C81 /* Release */,
			);
			defaultConfigurationIsVisible = 0;
			defaultConfigurationName = Release;
		};
/* End XCConfigurationList section */

/* Begin XCRemoteSwiftPackageReference section */
		D1670034299ED192006D0E10 /* XCRemoteSwiftPackageReference "Alamofire" */ = {
			isa = XCRemoteSwiftPackageReference;
			repositoryURL = "https://github.com/Alamofire/Alamofire";
			requirement = {
				branch = master;
				kind = branch;
			};
		};
		D1670037299ED19D006D0E10 /* XCRemoteSwiftPackageReference "Kingfisher" */ = {
			isa = XCRemoteSwiftPackageReference;
			repositoryURL = "https://github.com/onevcat/Kingfisher";
			requirement = {
				branch = master;
				kind = branch;
			};
		};
		D16CF19E29A1B2BB00EE0E56 /* XCRemoteSwiftPackageReference "firebase-ios-sdk" */ = {
			isa = XCRemoteSwiftPackageReference;
			repositoryURL = "https://github.com/firebase/firebase-ios-sdk";
			requirement = {
				kind = upToNextMajorVersion;
				minimumVersion = 9.0.0;
			};
		};
/* End XCRemoteSwiftPackageReference section */

/* Begin XCSwiftPackageProductDependency section */
		D1670035299ED192006D0E10 /* Alamofire */ = {
			isa = XCSwiftPackageProductDependency;
			package = D1670034299ED192006D0E10 /* XCRemoteSwiftPackageReference "Alamofire" */;
			productName = Alamofire;
		};
		D1670038299ED19D006D0E10 /* Kingfisher */ = {
			isa = XCSwiftPackageProductDependency;
			package = D1670037299ED19D006D0E10 /* XCRemoteSwiftPackageReference "Kingfisher" */;
			productName = Kingfisher;
		};
		D16CF19F29A1B2BB00EE0E56 /* FirebaseAuth */ = {
			isa = XCSwiftPackageProductDependency;
			package = D16CF19E29A1B2BB00EE0E56 /* XCRemoteSwiftPackageReference "firebase-ios-sdk" */;
			productName = FirebaseAuth;
		};
/* End XCSwiftPackageProductDependency section */

/* Begin XCVersionGroup section */
		D1CACB0B2989CD6F00BF4C81 /* EjerciciosWebService.xcdatamodeld */ = {
			isa = XCVersionGroup;
			children = (
				D1CACB0C2989CD6F00BF4C81 /* EjerciciosWebService.xcdatamodel */,
			);
			currentVersion = D1CACB0C2989CD6F00BF4C81 /* EjerciciosWebService.xcdatamodel */;
			path = EjerciciosWebService.xcdatamodeld;
			sourceTree = "<group>";
			versionGroupType = wrapper.xcdatamodel;
		};
/* End XCVersionGroup section */
	};
	rootObject = D1CACAF52989CD6B00BF4C81 /* Project object */;
}
